<?xml version="1.0" encoding="utf-8"?>
<Project ToolsVersion="17.0" xmlns="http://schemas.microsoft.com/developer/msbuild/2003">
  <ItemGroup>
    <CustomBuild Include="C:\Users\evanb\FreeCADStuff\FreeCadSource\FreeCadOriginal\FreeCAD\src\Mod\Material\Init.py">
      <Filter>Module</Filter>
    </CustomBuild>
    <CustomBuild Include="C:\Users\evanb\FreeCADStuff\FreeCadSource\FreeCadOriginal\FreeCAD\src\Mod\Material\InitGui.py">
      <Filter>Module</Filter>
    </CustomBuild>
    <CustomBuild Include="C:\Users\evanb\FreeCADStuff\FreeCadSource\FreeCadOriginal\FreeCAD\src\Mod\Material\Material.py">
      <Filter>Module</Filter>
    </CustomBuild>
    <CustomBuild Include="C:\Users\evanb\FreeCADStuff\FreeCadSource\FreeCadOriginal\FreeCAD\src\Mod\Material\importFCMat.py">
      <Filter>Module</Filter>
    </CustomBuild>
    <CustomBuild Include="C:\Users\evanb\FreeCADStuff\FreeCadSource\FreeCadOriginal\FreeCAD\src\Mod\Material\MaterialEditor.py">
      <Filter>Module</Filter>
    </CustomBuild>
    <CustomBuild Include="C:\Users\evanb\FreeCADStuff\FreeCadSource\FreeCadOriginal\FreeCAD\src\Mod\Material\materials-editor.ui">
      <Filter>Module</Filter>
    </CustomBuild>
    <CustomBuild Include="C:\Users\evanb\FreeCADStuff\FreeCadSource\FreeCadOriginal\FreeCAD\src\Mod\Material\Templatematerial.yml">
      <Filter>Module</Filter>
    </CustomBuild>
    <CustomBuild Include="C:\Users\evanb\FreeCADStuff\FreeCadSource\FreeCadOriginal\FreeCAD\src\Mod\Material\Resources\Material.qrc" />
    <CustomBuild Include="C:\Users\evanb\FreeCADStuff\FreeCadSource\FreeCadBinaries\src\Mod\Material\Material_rc.py" />
    <CustomBuild Include="C:\Users\evanb\FreeCADStuff\FreeCadSource\FreeCadOriginal\FreeCAD\src\Mod\Material\CMakeLists.txt" />
  </ItemGroup>
  <ItemGroup>
    <Filter Include="Module">
      <UniqueIdentifier>{3B243185-DCBF-36D0-8572-103D12122E40}</UniqueIdentifier>
    </Filter>
  </ItemGroup>
</Project>
