<?xml version="1.0" encoding="utf-8"?>
<Project ToolsVersion="17.0" xmlns="http://schemas.microsoft.com/developer/msbuild/2003">
  <ItemGroup>
    <ClCompile Include="C:\Users\evanb\FreeCADStuff\FreeCadSource\FreeCadBinaries\src\Mod\TechDraw\Gui\TechDrawGui_autogen\mocs_compilation_Debug.cpp">
      <Filter>Source Files</Filter>
    </ClCompile>
    <ClCompile Include="C:\Users\evanb\FreeCADStuff\FreeCadSource\FreeCadBinaries\src\Mod\TechDraw\Gui\qrc_TechDraw.cpp">
      <Filter>Mod</Filter>
    </ClCompile>
    <ClCompile Include="C:\Users\evanb\FreeCADStuff\FreeCadSource\FreeCadOriginal\FreeCAD\src\Mod\TechDraw\Gui\mrichtextedit.cpp">
      <Filter>Mod</Filter>
    </ClCompile>
    <ClCompile Include="C:\Users\evanb\FreeCADStuff\FreeCadSource\FreeCadOriginal\FreeCAD\src\Mod\TechDraw\Gui\mtextedit.cpp">
      <Filter>Mod</Filter>
    </ClCompile>
    <ClCompile Include="C:\Users\evanb\FreeCADStuff\FreeCadSource\FreeCadOriginal\FreeCAD\src\Mod\TechDraw\Gui\AppTechDrawGui.cpp">
      <Filter>Mod</Filter>
    </ClCompile>
    <ClCompile Include="C:\Users\evanb\FreeCADStuff\FreeCadSource\FreeCadOriginal\FreeCAD\src\Mod\TechDraw\Gui\AppTechDrawGuiPy.cpp">
      <Filter>Mod</Filter>
    </ClCompile>
    <ClCompile Include="C:\Users\evanb\FreeCADStuff\FreeCadSource\FreeCadOriginal\FreeCAD\src\Mod\TechDraw\Gui\Command.cpp">
      <Filter>Mod</Filter>
    </ClCompile>
    <ClCompile Include="C:\Users\evanb\FreeCADStuff\FreeCadSource\FreeCadOriginal\FreeCAD\src\Mod\TechDraw\Gui\CommandCreateDims.cpp">
      <Filter>Mod</Filter>
    </ClCompile>
    <ClCompile Include="C:\Users\evanb\FreeCADStuff\FreeCadSource\FreeCadOriginal\FreeCAD\src\Mod\TechDraw\Gui\CommandDecorate.cpp">
      <Filter>Mod</Filter>
    </ClCompile>
    <ClCompile Include="C:\Users\evanb\FreeCADStuff\FreeCadSource\FreeCadOriginal\FreeCAD\src\Mod\TechDraw\Gui\CommandAnnotate.cpp">
      <Filter>Mod</Filter>
    </ClCompile>
    <ClCompile Include="C:\Users\evanb\FreeCADStuff\FreeCadSource\FreeCadOriginal\FreeCAD\src\Mod\TechDraw\Gui\CommandExtensionDims.cpp">
      <Filter>Mod</Filter>
    </ClCompile>
    <ClCompile Include="C:\Users\evanb\FreeCADStuff\FreeCadSource\FreeCadOriginal\FreeCAD\src\Mod\TechDraw\Gui\CommandExtensionPack.cpp">
      <Filter>Mod</Filter>
    </ClCompile>
    <ClCompile Include="C:\Users\evanb\FreeCADStuff\FreeCadSource\FreeCadOriginal\FreeCAD\src\Mod\TechDraw\Gui\CommandStack.cpp">
      <Filter>Mod</Filter>
    </ClCompile>
    <ClCompile Include="C:\Users\evanb\FreeCADStuff\FreeCadSource\FreeCadOriginal\FreeCAD\src\Mod\TechDraw\Gui\PreCompiled.cpp">
      <Filter>Mod</Filter>
    </ClCompile>
    <ClCompile Include="C:\Users\evanb\FreeCADStuff\FreeCadSource\FreeCadOriginal\FreeCAD\src\Mod\TechDraw\Gui\Workbench.cpp">
      <Filter>Mod</Filter>
    </ClCompile>
    <ClCompile Include="C:\Users\evanb\FreeCADStuff\FreeCadSource\FreeCadOriginal\FreeCAD\src\Mod\TechDraw\Gui\TaskProjGroup.cpp">
      <Filter>Mod</Filter>
    </ClCompile>
    <ClCompile Include="C:\Users\evanb\FreeCADStuff\FreeCadSource\FreeCadOriginal\FreeCAD\src\Mod\TechDraw\Gui\DlgPageChooser.cpp">
      <Filter>Mod</Filter>
    </ClCompile>
    <ClCompile Include="C:\Users\evanb\FreeCADStuff\FreeCadSource\FreeCadOriginal\FreeCAD\src\Mod\TechDraw\Gui\DlgPrefsTechDrawGeneralImp.cpp">
      <Filter>Mod</Filter>
    </ClCompile>
    <ClCompile Include="C:\Users\evanb\FreeCADStuff\FreeCadSource\FreeCadOriginal\FreeCAD\src\Mod\TechDraw\Gui\DlgPrefsTechDrawScaleImp.cpp">
      <Filter>Mod</Filter>
    </ClCompile>
    <ClCompile Include="C:\Users\evanb\FreeCADStuff\FreeCadSource\FreeCadOriginal\FreeCAD\src\Mod\TechDraw\Gui\DlgPrefsTechDrawAnnotationImp.cpp">
      <Filter>Mod</Filter>
    </ClCompile>
    <ClCompile Include="C:\Users\evanb\FreeCADStuff\FreeCadSource\FreeCadOriginal\FreeCAD\src\Mod\TechDraw\Gui\DlgPrefsTechDrawDimensionsImp.cpp">
      <Filter>Mod</Filter>
    </ClCompile>
    <ClCompile Include="C:\Users\evanb\FreeCADStuff\FreeCadSource\FreeCadOriginal\FreeCAD\src\Mod\TechDraw\Gui\DlgPrefsTechDrawColorsImp.cpp">
      <Filter>Mod</Filter>
    </ClCompile>
    <ClCompile Include="C:\Users\evanb\FreeCADStuff\FreeCadSource\FreeCadOriginal\FreeCAD\src\Mod\TechDraw\Gui\DlgPrefsTechDrawAdvancedImp.cpp">
      <Filter>Mod</Filter>
    </ClCompile>
    <ClCompile Include="C:\Users\evanb\FreeCADStuff\FreeCadSource\FreeCadOriginal\FreeCAD\src\Mod\TechDraw\Gui\DlgPrefsTechDrawHLRImp.cpp">
      <Filter>Mod</Filter>
    </ClCompile>
    <ClCompile Include="C:\Users\evanb\FreeCADStuff\FreeCadSource\FreeCadOriginal\FreeCAD\src\Mod\TechDraw\Gui\DlgTemplateField.cpp">
      <Filter>Mod</Filter>
    </ClCompile>
    <ClCompile Include="C:\Users\evanb\FreeCADStuff\FreeCadSource\FreeCadOriginal\FreeCAD\src\Mod\TechDraw\Gui\TaskSectionView.cpp">
      <Filter>Mod</Filter>
    </ClCompile>
    <ClCompile Include="C:\Users\evanb\FreeCADStuff\FreeCadSource\FreeCadOriginal\FreeCAD\src\Mod\TechDraw\Gui\TaskBalloon.cpp">
      <Filter>Mod</Filter>
    </ClCompile>
    <ClCompile Include="C:\Users\evanb\FreeCADStuff\FreeCadSource\FreeCadOriginal\FreeCAD\src\Mod\TechDraw\Gui\TaskDimension.cpp">
      <Filter>Mod</Filter>
    </ClCompile>
    <ClCompile Include="C:\Users\evanb\FreeCADStuff\FreeCadSource\FreeCadOriginal\FreeCAD\src\Mod\TechDraw\Gui\TaskGeomHatch.cpp">
      <Filter>Mod</Filter>
    </ClCompile>
    <ClCompile Include="C:\Users\evanb\FreeCADStuff\FreeCadSource\FreeCadOriginal\FreeCAD\src\Mod\TechDraw\Gui\TaskHatch.cpp">
      <Filter>Mod</Filter>
    </ClCompile>
    <ClCompile Include="C:\Users\evanb\FreeCADStuff\FreeCadSource\FreeCadOriginal\FreeCAD\src\Mod\TechDraw\Gui\TaskLeaderLine.cpp">
      <Filter>Mod</Filter>
    </ClCompile>
    <ClCompile Include="C:\Users\evanb\FreeCADStuff\FreeCadSource\FreeCadOriginal\FreeCAD\src\Mod\TechDraw\Gui\TaskRichAnno.cpp">
      <Filter>Mod</Filter>
    </ClCompile>
    <ClCompile Include="C:\Users\evanb\FreeCADStuff\FreeCadSource\FreeCadOriginal\FreeCAD\src\Mod\TechDraw\Gui\TaskCosVertex.cpp">
      <Filter>Mod</Filter>
    </ClCompile>
    <ClCompile Include="C:\Users\evanb\FreeCADStuff\FreeCadSource\FreeCadOriginal\FreeCAD\src\Mod\TechDraw\Gui\TaskCenterLine.cpp">
      <Filter>Mod</Filter>
    </ClCompile>
    <ClCompile Include="C:\Users\evanb\FreeCADStuff\FreeCadSource\FreeCadOriginal\FreeCAD\src\Mod\TechDraw\Gui\TaskLineDecor.cpp">
      <Filter>Mod</Filter>
    </ClCompile>
    <ClCompile Include="C:\Users\evanb\FreeCADStuff\FreeCadSource\FreeCadOriginal\FreeCAD\src\Mod\TechDraw\Gui\TaskLinkDim.cpp">
      <Filter>Mod</Filter>
    </ClCompile>
    <ClCompile Include="C:\Users\evanb\FreeCADStuff\FreeCadSource\FreeCadOriginal\FreeCAD\src\Mod\TechDraw\Gui\TaskWeldingSymbol.cpp">
      <Filter>Mod</Filter>
    </ClCompile>
    <ClCompile Include="C:\Users\evanb\FreeCADStuff\FreeCadSource\FreeCadOriginal\FreeCAD\src\Mod\TechDraw\Gui\TaskSurfaceFinishSymbols.cpp">
      <Filter>Mod</Filter>
    </ClCompile>
    <ClCompile Include="C:\Users\evanb\FreeCADStuff\FreeCadSource\FreeCadOriginal\FreeCAD\src\Mod\TechDraw\Gui\TaskSelectLineAttributes.cpp">
      <Filter>Mod</Filter>
    </ClCompile>
    <ClCompile Include="C:\Users\evanb\FreeCADStuff\FreeCadSource\FreeCadOriginal\FreeCAD\src\Mod\TechDraw\Gui\TaskCustomizeFormat.cpp">
      <Filter>Mod</Filter>
    </ClCompile>
    <ClCompile Include="C:\Users\evanb\FreeCADStuff\FreeCadSource\FreeCadOriginal\FreeCAD\src\Mod\TechDraw\Gui\DrawGuiUtil.cpp">
      <Filter>Mod</Filter>
    </ClCompile>
    <ClCompile Include="C:\Users\evanb\FreeCADStuff\FreeCadSource\FreeCadOriginal\FreeCAD\src\Mod\TechDraw\Gui\Rez.cpp">
      <Filter>Mod</Filter>
    </ClCompile>
    <ClCompile Include="C:\Users\evanb\FreeCADStuff\FreeCadSource\FreeCadOriginal\FreeCAD\src\Mod\TechDraw\Gui\SymbolChooser.cpp">
      <Filter>Mod</Filter>
    </ClCompile>
    <ClCompile Include="C:\Users\evanb\FreeCADStuff\FreeCadSource\FreeCadOriginal\FreeCAD\src\Mod\TechDraw\Gui\TaskActiveView.cpp">
      <Filter>Mod</Filter>
    </ClCompile>
    <ClCompile Include="C:\Users\evanb\FreeCADStuff\FreeCadSource\FreeCadOriginal\FreeCAD\src\Mod\TechDraw\Gui\Grabber3d.cpp">
      <Filter>Mod</Filter>
    </ClCompile>
    <ClCompile Include="C:\Users\evanb\FreeCADStuff\FreeCadSource\FreeCadOriginal\FreeCAD\src\Mod\TechDraw\Gui\TaskDetail.cpp">
      <Filter>Mod</Filter>
    </ClCompile>
    <ClCompile Include="C:\Users\evanb\FreeCADStuff\FreeCadSource\FreeCadOriginal\FreeCAD\src\Mod\TechDraw\Gui\PreferencesGui.cpp">
      <Filter>Mod</Filter>
    </ClCompile>
    <ClCompile Include="C:\Users\evanb\FreeCADStuff\FreeCadSource\FreeCadOriginal\FreeCAD\src\Mod\TechDraw\Gui\TaskCosmeticLine.cpp">
      <Filter>Mod</Filter>
    </ClCompile>
    <ClCompile Include="C:\Users\evanb\FreeCADStuff\FreeCadSource\FreeCadOriginal\FreeCAD\src\Mod\TechDraw\Gui\TaskProjection.cpp">
      <Filter>Mod</Filter>
    </ClCompile>
    <ClCompile Include="C:\Users\evanb\FreeCADStuff\FreeCadSource\FreeCadOriginal\FreeCAD\src\Mod\TechDraw\Gui\MDIViewPage.cpp">
      <Filter>View</Filter>
    </ClCompile>
    <ClCompile Include="C:\Users\evanb\FreeCADStuff\FreeCadSource\FreeCadOriginal\FreeCAD\src\Mod\TechDraw\Gui\QGVPage.cpp">
      <Filter>View</Filter>
    </ClCompile>
    <ClCompile Include="C:\Users\evanb\FreeCADStuff\FreeCadSource\FreeCadOriginal\FreeCAD\src\Mod\TechDraw\Gui\QGSPage.cpp">
      <Filter>View</Filter>
    </ClCompile>
    <ClCompile Include="C:\Users\evanb\FreeCADStuff\FreeCadSource\FreeCadOriginal\FreeCAD\src\Mod\TechDraw\Gui\QGCustomText.cpp">
      <Filter>View</Filter>
    </ClCompile>
    <ClCompile Include="C:\Users\evanb\FreeCADStuff\FreeCadSource\FreeCadOriginal\FreeCAD\src\Mod\TechDraw\Gui\QGICaption.cpp">
      <Filter>View</Filter>
    </ClCompile>
    <ClCompile Include="C:\Users\evanb\FreeCADStuff\FreeCadSource\FreeCadOriginal\FreeCAD\src\Mod\TechDraw\Gui\QGCustomRect.cpp">
      <Filter>View</Filter>
    </ClCompile>
    <ClCompile Include="C:\Users\evanb\FreeCADStuff\FreeCadSource\FreeCadOriginal\FreeCAD\src\Mod\TechDraw\Gui\QGCustomSvg.cpp">
      <Filter>View</Filter>
    </ClCompile>
    <ClCompile Include="C:\Users\evanb\FreeCADStuff\FreeCadSource\FreeCadOriginal\FreeCAD\src\Mod\TechDraw\Gui\QGCustomClip.cpp">
      <Filter>View</Filter>
    </ClCompile>
    <ClCompile Include="C:\Users\evanb\FreeCADStuff\FreeCadSource\FreeCadOriginal\FreeCAD\src\Mod\TechDraw\Gui\QGCustomLabel.cpp">
      <Filter>View</Filter>
    </ClCompile>
    <ClCompile Include="C:\Users\evanb\FreeCADStuff\FreeCadSource\FreeCadOriginal\FreeCAD\src\Mod\TechDraw\Gui\QGCustomBorder.cpp">
      <Filter>View</Filter>
    </ClCompile>
    <ClCompile Include="C:\Users\evanb\FreeCADStuff\FreeCadSource\FreeCadOriginal\FreeCAD\src\Mod\TechDraw\Gui\QGCustomImage.cpp">
      <Filter>View</Filter>
    </ClCompile>
    <ClCompile Include="C:\Users\evanb\FreeCADStuff\FreeCadSource\FreeCadOriginal\FreeCAD\src\Mod\TechDraw\Gui\QGDisplayArea.cpp">
      <Filter>View</Filter>
    </ClCompile>
    <ClCompile Include="C:\Users\evanb\FreeCADStuff\FreeCadSource\FreeCadOriginal\FreeCAD\src\Mod\TechDraw\Gui\QGIView.cpp">
      <Filter>View</Filter>
    </ClCompile>
    <ClCompile Include="C:\Users\evanb\FreeCADStuff\FreeCadSource\FreeCadOriginal\FreeCAD\src\Mod\TechDraw\Gui\QGIArrow.cpp">
      <Filter>View</Filter>
    </ClCompile>
    <ClCompile Include="C:\Users\evanb\FreeCADStuff\FreeCadSource\FreeCadOriginal\FreeCAD\src\Mod\TechDraw\Gui\QGIEdge.cpp">
      <Filter>View</Filter>
    </ClCompile>
    <ClCompile Include="C:\Users\evanb\FreeCADStuff\FreeCadSource\FreeCadOriginal\FreeCAD\src\Mod\TechDraw\Gui\QGIFace.cpp">
      <Filter>View</Filter>
    </ClCompile>
    <ClCompile Include="C:\Users\evanb\FreeCADStuff\FreeCadSource\FreeCadOriginal\FreeCAD\src\Mod\TechDraw\Gui\QGISVGTemplate.cpp">
      <Filter>View</Filter>
    </ClCompile>
    <ClCompile Include="C:\Users\evanb\FreeCADStuff\FreeCadSource\FreeCadOriginal\FreeCAD\src\Mod\TechDraw\Gui\QGIVertex.cpp">
      <Filter>View</Filter>
    </ClCompile>
    <ClCompile Include="C:\Users\evanb\FreeCADStuff\FreeCadSource\FreeCadOriginal\FreeCAD\src\Mod\TechDraw\Gui\QGIMatting.cpp">
      <Filter>View</Filter>
    </ClCompile>
    <ClCompile Include="C:\Users\evanb\FreeCADStuff\FreeCadSource\FreeCadOriginal\FreeCAD\src\Mod\TechDraw\Gui\QGIDrawingTemplate.cpp">
      <Filter>View</Filter>
    </ClCompile>
    <ClCompile Include="C:\Users\evanb\FreeCADStuff\FreeCadSource\FreeCadOriginal\FreeCAD\src\Mod\TechDraw\Gui\QGITemplate.cpp">
      <Filter>View</Filter>
    </ClCompile>
    <ClCompile Include="C:\Users\evanb\FreeCADStuff\FreeCadSource\FreeCadOriginal\FreeCAD\src\Mod\TechDraw\Gui\QGIViewCollection.cpp">
      <Filter>View</Filter>
    </ClCompile>
    <ClCompile Include="C:\Users\evanb\FreeCADStuff\FreeCadSource\FreeCadOriginal\FreeCAD\src\Mod\TechDraw\Gui\QGIViewDimension.cpp">
      <Filter>View</Filter>
    </ClCompile>
    <ClCompile Include="C:\Users\evanb\FreeCADStuff\FreeCadSource\FreeCadOriginal\FreeCAD\src\Mod\TechDraw\Gui\QGIViewBalloon.cpp">
      <Filter>View</Filter>
    </ClCompile>
    <ClCompile Include="C:\Users\evanb\FreeCADStuff\FreeCadSource\FreeCadOriginal\FreeCAD\src\Mod\TechDraw\Gui\QGIProjGroup.cpp">
      <Filter>View</Filter>
    </ClCompile>
    <ClCompile Include="C:\Users\evanb\FreeCADStuff\FreeCadSource\FreeCadOriginal\FreeCAD\src\Mod\TechDraw\Gui\QGIViewPart.cpp">
      <Filter>View</Filter>
    </ClCompile>
    <ClCompile Include="C:\Users\evanb\FreeCADStuff\FreeCadSource\FreeCadOriginal\FreeCAD\src\Mod\TechDraw\Gui\QGIViewSection.cpp">
      <Filter>View</Filter>
    </ClCompile>
    <ClCompile Include="C:\Users\evanb\FreeCADStuff\FreeCadSource\FreeCadOriginal\FreeCAD\src\Mod\TechDraw\Gui\QGIViewAnnotation.cpp">
      <Filter>View</Filter>
    </ClCompile>
    <ClCompile Include="C:\Users\evanb\FreeCADStuff\FreeCadSource\FreeCadOriginal\FreeCAD\src\Mod\TechDraw\Gui\QGIViewSymbol.cpp">
      <Filter>View</Filter>
    </ClCompile>
    <ClCompile Include="C:\Users\evanb\FreeCADStuff\FreeCadSource\FreeCadOriginal\FreeCAD\src\Mod\TechDraw\Gui\QGIViewSpreadsheet.cpp">
      <Filter>View</Filter>
    </ClCompile>
    <ClCompile Include="C:\Users\evanb\FreeCADStuff\FreeCadSource\FreeCadOriginal\FreeCAD\src\Mod\TechDraw\Gui\QGIViewImage.cpp">
      <Filter>View</Filter>
    </ClCompile>
    <ClCompile Include="C:\Users\evanb\FreeCADStuff\FreeCadSource\FreeCadOriginal\FreeCAD\src\Mod\TechDraw\Gui\QGIViewClip.cpp">
      <Filter>View</Filter>
    </ClCompile>
    <ClCompile Include="C:\Users\evanb\FreeCADStuff\FreeCadSource\FreeCadOriginal\FreeCAD\src\Mod\TechDraw\Gui\QGIPrimPath.cpp">
      <Filter>View</Filter>
    </ClCompile>
    <ClCompile Include="C:\Users\evanb\FreeCADStuff\FreeCadSource\FreeCadOriginal\FreeCAD\src\Mod\TechDraw\Gui\QGICMark.cpp">
      <Filter>View</Filter>
    </ClCompile>
    <ClCompile Include="C:\Users\evanb\FreeCADStuff\FreeCadSource\FreeCadOriginal\FreeCAD\src\Mod\TechDraw\Gui\QGIDimLines.cpp">
      <Filter>View</Filter>
    </ClCompile>
    <ClCompile Include="C:\Users\evanb\FreeCADStuff\FreeCadSource\FreeCadOriginal\FreeCAD\src\Mod\TechDraw\Gui\QGISectionLine.cpp">
      <Filter>View</Filter>
    </ClCompile>
    <ClCompile Include="C:\Users\evanb\FreeCADStuff\FreeCadSource\FreeCadOriginal\FreeCAD\src\Mod\TechDraw\Gui\QGIDecoration.cpp">
      <Filter>View</Filter>
    </ClCompile>
    <ClCompile Include="C:\Users\evanb\FreeCADStuff\FreeCadSource\FreeCadOriginal\FreeCAD\src\Mod\TechDraw\Gui\QGICenterLine.cpp">
      <Filter>View</Filter>
    </ClCompile>
    <ClCompile Include="C:\Users\evanb\FreeCADStuff\FreeCadSource\FreeCadOriginal\FreeCAD\src\Mod\TechDraw\Gui\QGIHighlight.cpp">
      <Filter>View</Filter>
    </ClCompile>
    <ClCompile Include="C:\Users\evanb\FreeCADStuff\FreeCadSource\FreeCadOriginal\FreeCAD\src\Mod\TechDraw\Gui\QGEPath.cpp">
      <Filter>View</Filter>
    </ClCompile>
    <ClCompile Include="C:\Users\evanb\FreeCADStuff\FreeCadSource\FreeCadOriginal\FreeCAD\src\Mod\TechDraw\Gui\QGTracker.cpp">
      <Filter>View</Filter>
    </ClCompile>
    <ClCompile Include="C:\Users\evanb\FreeCADStuff\FreeCadSource\FreeCadOriginal\FreeCAD\src\Mod\TechDraw\Gui\QGILeaderLine.cpp">
      <Filter>View</Filter>
    </ClCompile>
    <ClCompile Include="C:\Users\evanb\FreeCADStuff\FreeCadSource\FreeCadOriginal\FreeCAD\src\Mod\TechDraw\Gui\QGIRichAnno.cpp">
      <Filter>View</Filter>
    </ClCompile>
    <ClCompile Include="C:\Users\evanb\FreeCADStuff\FreeCadSource\FreeCadOriginal\FreeCAD\src\Mod\TechDraw\Gui\QGMText.cpp">
      <Filter>View</Filter>
    </ClCompile>
    <ClCompile Include="C:\Users\evanb\FreeCADStuff\FreeCadSource\FreeCadOriginal\FreeCAD\src\Mod\TechDraw\Gui\QGIWeldSymbol.cpp">
      <Filter>View</Filter>
    </ClCompile>
    <ClCompile Include="C:\Users\evanb\FreeCADStuff\FreeCadSource\FreeCadOriginal\FreeCAD\src\Mod\TechDraw\Gui\QGITile.cpp">
      <Filter>View</Filter>
    </ClCompile>
    <ClCompile Include="C:\Users\evanb\FreeCADStuff\FreeCadSource\FreeCadOriginal\FreeCAD\src\Mod\TechDraw\Gui\TemplateTextField.cpp">
      <Filter>View</Filter>
    </ClCompile>
    <ClCompile Include="C:\Users\evanb\FreeCADStuff\FreeCadSource\FreeCadOriginal\FreeCAD\src\Mod\TechDraw\Gui\QGIGhostHighlight.cpp">
      <Filter>View</Filter>
    </ClCompile>
    <ClCompile Include="C:\Users\evanb\FreeCADStuff\FreeCadSource\FreeCadOriginal\FreeCAD\src\Mod\TechDraw\Gui\ViewProviderPage.cpp">
      <Filter>ViewProvider</Filter>
    </ClCompile>
    <ClCompile Include="C:\Users\evanb\FreeCADStuff\FreeCadSource\FreeCadOriginal\FreeCAD\src\Mod\TechDraw\Gui\ViewProviderDrawingView.cpp">
      <Filter>ViewProvider</Filter>
    </ClCompile>
    <ClCompile Include="C:\Users\evanb\FreeCADStuff\FreeCadSource\FreeCadOriginal\FreeCAD\src\Mod\TechDraw\Gui\ViewProviderProjGroupItem.cpp">
      <Filter>ViewProvider</Filter>
    </ClCompile>
    <ClCompile Include="C:\Users\evanb\FreeCADStuff\FreeCadSource\FreeCadOriginal\FreeCAD\src\Mod\TechDraw\Gui\ViewProviderTemplate.cpp">
      <Filter>ViewProvider</Filter>
    </ClCompile>
    <ClCompile Include="C:\Users\evanb\FreeCADStuff\FreeCadSource\FreeCadOriginal\FreeCAD\src\Mod\TechDraw\Gui\ViewProviderDimension.cpp">
      <Filter>ViewProvider</Filter>
    </ClCompile>
    <ClCompile Include="C:\Users\evanb\FreeCADStuff\FreeCadSource\FreeCadOriginal\FreeCAD\src\Mod\TechDraw\Gui\ViewProviderBalloon.cpp">
      <Filter>ViewProvider</Filter>
    </ClCompile>
    <ClCompile Include="C:\Users\evanb\FreeCADStuff\FreeCadSource\FreeCadOriginal\FreeCAD\src\Mod\TechDraw\Gui\ViewProviderViewPart.cpp">
      <Filter>ViewProvider</Filter>
    </ClCompile>
    <ClCompile Include="C:\Users\evanb\FreeCADStuff\FreeCadSource\FreeCadOriginal\FreeCAD\src\Mod\TechDraw\Gui\ViewProviderProjGroup.cpp">
      <Filter>ViewProvider</Filter>
    </ClCompile>
    <ClCompile Include="C:\Users\evanb\FreeCADStuff\FreeCadSource\FreeCadOriginal\FreeCAD\src\Mod\TechDraw\Gui\ViewProviderViewSection.cpp">
      <Filter>ViewProvider</Filter>
    </ClCompile>
    <ClCompile Include="C:\Users\evanb\FreeCADStuff\FreeCadSource\FreeCadOriginal\FreeCAD\src\Mod\TechDraw\Gui\ViewProviderAnnotation.cpp">
      <Filter>ViewProvider</Filter>
    </ClCompile>
    <ClCompile Include="C:\Users\evanb\FreeCADStuff\FreeCadSource\FreeCadOriginal\FreeCAD\src\Mod\TechDraw\Gui\ViewProviderSymbol.cpp">
      <Filter>ViewProvider</Filter>
    </ClCompile>
    <ClCompile Include="C:\Users\evanb\FreeCADStuff\FreeCadSource\FreeCadOriginal\FreeCAD\src\Mod\TechDraw\Gui\ViewProviderSpreadsheet.cpp">
      <Filter>ViewProvider</Filter>
    </ClCompile>
    <ClCompile Include="C:\Users\evanb\FreeCADStuff\FreeCadSource\FreeCadOriginal\FreeCAD\src\Mod\TechDraw\Gui\ViewProviderViewClip.cpp">
      <Filter>ViewProvider</Filter>
    </ClCompile>
    <ClCompile Include="C:\Users\evanb\FreeCADStuff\FreeCadSource\FreeCadOriginal\FreeCAD\src\Mod\TechDraw\Gui\ViewProviderGeomHatch.cpp">
      <Filter>ViewProvider</Filter>
    </ClCompile>
    <ClCompile Include="C:\Users\evanb\FreeCADStuff\FreeCadSource\FreeCadOriginal\FreeCAD\src\Mod\TechDraw\Gui\ViewProviderHatch.cpp">
      <Filter>ViewProvider</Filter>
    </ClCompile>
    <ClCompile Include="C:\Users\evanb\FreeCADStuff\FreeCadSource\FreeCadOriginal\FreeCAD\src\Mod\TechDraw\Gui\ViewProviderImage.cpp">
      <Filter>ViewProvider</Filter>
    </ClCompile>
    <ClCompile Include="C:\Users\evanb\FreeCADStuff\FreeCadSource\FreeCadOriginal\FreeCAD\src\Mod\TechDraw\Gui\ViewProviderLeader.cpp">
      <Filter>ViewProvider</Filter>
    </ClCompile>
    <ClCompile Include="C:\Users\evanb\FreeCADStuff\FreeCadSource\FreeCadOriginal\FreeCAD\src\Mod\TechDraw\Gui\ViewProviderRichAnno.cpp">
      <Filter>ViewProvider</Filter>
    </ClCompile>
    <ClCompile Include="C:\Users\evanb\FreeCADStuff\FreeCadSource\FreeCadOriginal\FreeCAD\src\Mod\TechDraw\Gui\ViewProviderTile.cpp">
      <Filter>ViewProvider</Filter>
    </ClCompile>
    <ClCompile Include="C:\Users\evanb\FreeCADStuff\FreeCadSource\FreeCadOriginal\FreeCAD\src\Mod\TechDraw\Gui\ViewProviderWeld.cpp">
      <Filter>ViewProvider</Filter>
    </ClCompile>
    <ClCompile Include="C:\Users\evanb\FreeCADStuff\FreeCadSource\FreeCadOriginal\FreeCAD\src\Mod\TechDraw\Gui\ViewProviderCosmeticExtension.cpp">
      <Filter>ViewProvider</Filter>
    </ClCompile>
    <ClCompile Include="C:\Users\evanb\FreeCADStuff\FreeCadSource\FreeCadOriginal\FreeCAD\src\Mod\TechDraw\Gui\QGVNavStyle.cpp">
      <Filter>Nav</Filter>
    </ClCompile>
    <ClCompile Include="C:\Users\evanb\FreeCADStuff\FreeCadSource\FreeCadOriginal\FreeCAD\src\Mod\TechDraw\Gui\QGVNavStyleBlender.cpp">
      <Filter>Nav</Filter>
    </ClCompile>
    <ClCompile Include="C:\Users\evanb\FreeCADStuff\FreeCadSource\FreeCadOriginal\FreeCAD\src\Mod\TechDraw\Gui\QGVNavStyleCAD.cpp">
      <Filter>Nav</Filter>
    </ClCompile>
    <ClCompile Include="C:\Users\evanb\FreeCADStuff\FreeCadSource\FreeCadOriginal\FreeCAD\src\Mod\TechDraw\Gui\QGVNavStyleGesture.cpp">
      <Filter>Nav</Filter>
    </ClCompile>
    <ClCompile Include="C:\Users\evanb\FreeCADStuff\FreeCadSource\FreeCadOriginal\FreeCAD\src\Mod\TechDraw\Gui\QGVNavStyleInventor.cpp">
      <Filter>Nav</Filter>
    </ClCompile>
    <ClCompile Include="C:\Users\evanb\FreeCADStuff\FreeCadSource\FreeCadOriginal\FreeCAD\src\Mod\TechDraw\Gui\QGVNavStyleMaya.cpp">
      <Filter>Nav</Filter>
    </ClCompile>
    <ClCompile Include="C:\Users\evanb\FreeCADStuff\FreeCadSource\FreeCadOriginal\FreeCAD\src\Mod\TechDraw\Gui\QGVNavStyleOCC.cpp">
      <Filter>Nav</Filter>
    </ClCompile>
    <ClCompile Include="C:\Users\evanb\FreeCADStuff\FreeCadSource\FreeCadOriginal\FreeCAD\src\Mod\TechDraw\Gui\QGVNavStyleOpenSCAD.cpp">
      <Filter>Nav</Filter>
    </ClCompile>
    <ClCompile Include="C:\Users\evanb\FreeCADStuff\FreeCadSource\FreeCadOriginal\FreeCAD\src\Mod\TechDraw\Gui\QGVNavStyleRevit.cpp">
      <Filter>Nav</Filter>
    </ClCompile>
    <ClCompile Include="C:\Users\evanb\FreeCADStuff\FreeCadSource\FreeCadOriginal\FreeCAD\src\Mod\TechDraw\Gui\QGVNavStyleTinkerCAD.cpp">
      <Filter>Nav</Filter>
    </ClCompile>
    <ClCompile Include="C:\Users\evanb\FreeCADStuff\FreeCadSource\FreeCadOriginal\FreeCAD\src\Mod\TechDraw\Gui\QGVNavStyleTouchpad.cpp">
      <Filter>Nav</Filter>
    </ClCompile>
    <ClCompile Include="C:\Users\evanb\FreeCADStuff\FreeCadSource\FreeCadBinaries\src\Mod\TechDraw\Gui\TechDrawGui_autogen\mocs_compilation_Release.cpp">
      <Filter>Source Files</Filter>
    </ClCompile>
    <ClCompile Include="C:\Users\evanb\FreeCADStuff\FreeCadSource\FreeCadBinaries\src\Mod\TechDraw\Gui\TechDrawGui_autogen\mocs_compilation_MinSizeRel.cpp">
      <Filter>Source Files</Filter>
    </ClCompile>
    <ClCompile Include="C:\Users\evanb\FreeCADStuff\FreeCadSource\FreeCadBinaries\src\Mod\TechDraw\Gui\TechDrawGui_autogen\mocs_compilation_RelWithDebInfo.cpp">
      <Filter>Source Files</Filter>
    </ClCompile>
  </ItemGroup>
  <ItemGroup>
    <ClInclude Include="C:\Users\evanb\FreeCADStuff\FreeCadSource\FreeCadOriginal\FreeCAD\src\Mod\TechDraw\Gui\mrichtextedit.h">
      <Filter>Mod</Filter>
    </ClInclude>
    <ClInclude Include="C:\Users\evanb\FreeCADStuff\FreeCadSource\FreeCadOriginal\FreeCAD\src\Mod\TechDraw\Gui\mtextedit.h">
      <Filter>Mod</Filter>
    </ClInclude>
    <ClInclude Include="C:\Users\evanb\FreeCADStuff\FreeCadSource\FreeCadOriginal\FreeCAD\src\Mod\TechDraw\Gui\PreCompiled.h">
      <Filter>Mod</Filter>
    </ClInclude>
    <ClInclude Include="C:\Users\evanb\FreeCADStuff\FreeCadSource\FreeCadOriginal\FreeCAD\src\Mod\TechDraw\Gui\Workbench.h">
      <Filter>Mod</Filter>
    </ClInclude>
    <ClInclude Include="C:\Users\evanb\FreeCADStuff\FreeCadSource\FreeCadOriginal\FreeCAD\src\Mod\TechDraw\Gui\TaskProjGroup.h">
      <Filter>Mod</Filter>
    </ClInclude>
    <ClInclude Include="C:\Users\evanb\FreeCADStuff\FreeCadSource\FreeCadOriginal\FreeCAD\src\Mod\TechDraw\Gui\DlgPageChooser.h">
      <Filter>Mod</Filter>
    </ClInclude>
    <ClInclude Include="C:\Users\evanb\FreeCADStuff\FreeCadSource\FreeCadOriginal\FreeCAD\src\Mod\TechDraw\Gui\DlgPrefsTechDrawGeneralImp.h">
      <Filter>Mod</Filter>
    </ClInclude>
    <ClInclude Include="C:\Users\evanb\FreeCADStuff\FreeCadSource\FreeCadOriginal\FreeCAD\src\Mod\TechDraw\Gui\DlgPrefsTechDrawScaleImp.h">
      <Filter>Mod</Filter>
    </ClInclude>
    <ClInclude Include="C:\Users\evanb\FreeCADStuff\FreeCadSource\FreeCadOriginal\FreeCAD\src\Mod\TechDraw\Gui\DlgPrefsTechDrawAnnotationImp.h">
      <Filter>Mod</Filter>
    </ClInclude>
    <ClInclude Include="C:\Users\evanb\FreeCADStuff\FreeCadSource\FreeCadOriginal\FreeCAD\src\Mod\TechDraw\Gui\DlgPrefsTechDrawDimensionsImp.h">
      <Filter>Mod</Filter>
    </ClInclude>
    <ClInclude Include="C:\Users\evanb\FreeCADStuff\FreeCadSource\FreeCadOriginal\FreeCAD\src\Mod\TechDraw\Gui\DlgPrefsTechDrawColorsImp.h">
      <Filter>Mod</Filter>
    </ClInclude>
    <ClInclude Include="C:\Users\evanb\FreeCADStuff\FreeCadSource\FreeCadOriginal\FreeCAD\src\Mod\TechDraw\Gui\DlgPrefsTechDrawAdvancedImp.h">
      <Filter>Mod</Filter>
    </ClInclude>
    <ClInclude Include="C:\Users\evanb\FreeCADStuff\FreeCadSource\FreeCadOriginal\FreeCAD\src\Mod\TechDraw\Gui\DlgPrefsTechDrawHLRImp.h">
      <Filter>Mod</Filter>
    </ClInclude>
    <ClInclude Include="C:\Users\evanb\FreeCADStuff\FreeCadSource\FreeCadOriginal\FreeCAD\src\Mod\TechDraw\Gui\DlgTemplateField.h">
      <Filter>Mod</Filter>
    </ClInclude>
    <ClInclude Include="C:\Users\evanb\FreeCADStuff\FreeCadSource\FreeCadOriginal\FreeCAD\src\Mod\TechDraw\Gui\TaskSectionView.h">
      <Filter>Mod</Filter>
    </ClInclude>
    <ClInclude Include="C:\Users\evanb\FreeCADStuff\FreeCadSource\FreeCadOriginal\FreeCAD\src\Mod\TechDraw\Gui\TaskBalloon.h">
      <Filter>Mod</Filter>
    </ClInclude>
    <ClInclude Include="C:\Users\evanb\FreeCADStuff\FreeCadSource\FreeCadOriginal\FreeCAD\src\Mod\TechDraw\Gui\TaskDimension.h">
      <Filter>Mod</Filter>
    </ClInclude>
    <ClInclude Include="C:\Users\evanb\FreeCADStuff\FreeCadSource\FreeCadOriginal\FreeCAD\src\Mod\TechDraw\Gui\TaskGeomHatch.h">
      <Filter>Mod</Filter>
    </ClInclude>
    <ClInclude Include="C:\Users\evanb\FreeCADStuff\FreeCadSource\FreeCadOriginal\FreeCAD\src\Mod\TechDraw\Gui\TaskHatch.h">
      <Filter>Mod</Filter>
    </ClInclude>
    <ClInclude Include="C:\Users\evanb\FreeCADStuff\FreeCadSource\FreeCadOriginal\FreeCAD\src\Mod\TechDraw\Gui\TaskLeaderLine.h">
      <Filter>Mod</Filter>
    </ClInclude>
    <ClInclude Include="C:\Users\evanb\FreeCADStuff\FreeCadSource\FreeCadOriginal\FreeCAD\src\Mod\TechDraw\Gui\TaskRichAnno.h">
      <Filter>Mod</Filter>
    </ClInclude>
    <ClInclude Include="C:\Users\evanb\FreeCADStuff\FreeCadSource\FreeCadOriginal\FreeCAD\src\Mod\TechDraw\Gui\TaskCosVertex.h">
      <Filter>Mod</Filter>
    </ClInclude>
    <ClInclude Include="C:\Users\evanb\FreeCADStuff\FreeCadSource\FreeCadOriginal\FreeCAD\src\Mod\TechDraw\Gui\TaskCenterLine.h">
      <Filter>Mod</Filter>
    </ClInclude>
    <ClInclude Include="C:\Users\evanb\FreeCADStuff\FreeCadSource\FreeCadOriginal\FreeCAD\src\Mod\TechDraw\Gui\TaskLineDecor.h">
      <Filter>Mod</Filter>
    </ClInclude>
    <ClInclude Include="C:\Users\evanb\FreeCADStuff\FreeCadSource\FreeCadOriginal\FreeCAD\src\Mod\TechDraw\Gui\TaskLinkDim.h">
      <Filter>Mod</Filter>
    </ClInclude>
    <ClInclude Include="C:\Users\evanb\FreeCADStuff\FreeCadSource\FreeCadOriginal\FreeCAD\src\Mod\TechDraw\Gui\TaskWeldingSymbol.h">
      <Filter>Mod</Filter>
    </ClInclude>
    <ClInclude Include="C:\Users\evanb\FreeCADStuff\FreeCadSource\FreeCadOriginal\FreeCAD\src\Mod\TechDraw\Gui\TaskSurfaceFinishSymbols.h">
      <Filter>Mod</Filter>
    </ClInclude>
    <ClInclude Include="C:\Users\evanb\FreeCADStuff\FreeCadSource\FreeCadOriginal\FreeCAD\src\Mod\TechDraw\Gui\TaskSelectLineAttributes.h">
      <Filter>Mod</Filter>
    </ClInclude>
    <ClInclude Include="C:\Users\evanb\FreeCADStuff\FreeCadSource\FreeCadOriginal\FreeCAD\src\Mod\TechDraw\Gui\TaskCustomizeFormat.h">
      <Filter>Mod</Filter>
    </ClInclude>
    <ClInclude Include="C:\Users\evanb\FreeCADStuff\FreeCadSource\FreeCadOriginal\FreeCAD\src\Mod\TechDraw\Gui\DrawGuiUtil.h">
      <Filter>Mod</Filter>
    </ClInclude>
    <ClInclude Include="C:\Users\evanb\FreeCADStuff\FreeCadSource\FreeCadOriginal\FreeCAD\src\Mod\TechDraw\Gui\Rez.h">
      <Filter>Mod</Filter>
    </ClInclude>
    <ClInclude Include="C:\Users\evanb\FreeCADStuff\FreeCadSource\FreeCadOriginal\FreeCAD\src\Mod\TechDraw\Gui\SymbolChooser.h">
      <Filter>Mod</Filter>
    </ClInclude>
    <ClInclude Include="C:\Users\evanb\FreeCADStuff\FreeCadSource\FreeCadOriginal\FreeCAD\src\Mod\TechDraw\Gui\TaskActiveView.h">
      <Filter>Mod</Filter>
    </ClInclude>
    <ClInclude Include="C:\Users\evanb\FreeCADStuff\FreeCadSource\FreeCadOriginal\FreeCAD\src\Mod\TechDraw\Gui\Grabber3d.h">
      <Filter>Mod</Filter>
    </ClInclude>
    <ClInclude Include="C:\Users\evanb\FreeCADStuff\FreeCadSource\FreeCadOriginal\FreeCAD\src\Mod\TechDraw\Gui\TaskDetail.h">
      <Filter>Mod</Filter>
    </ClInclude>
    <ClInclude Include="C:\Users\evanb\FreeCADStuff\FreeCadSource\FreeCadOriginal\FreeCAD\src\Mod\TechDraw\Gui\PreferencesGui.h">
      <Filter>Mod</Filter>
    </ClInclude>
    <ClInclude Include="C:\Users\evanb\FreeCADStuff\FreeCadSource\FreeCadOriginal\FreeCAD\src\Mod\TechDraw\Gui\TaskCosmeticLine.h">
      <Filter>Mod</Filter>
    </ClInclude>
    <ClInclude Include="C:\Users\evanb\FreeCADStuff\FreeCadSource\FreeCadOriginal\FreeCAD\src\Mod\TechDraw\Gui\TaskProjection.h">
      <Filter>Mod</Filter>
    </ClInclude>
    <ClInclude Include="C:\Users\evanb\FreeCADStuff\FreeCadSource\FreeCadOriginal\FreeCAD\src\Mod\TechDraw\Gui\MDIViewPage.h">
      <Filter>View</Filter>
    </ClInclude>
    <ClInclude Include="C:\Users\evanb\FreeCADStuff\FreeCadSource\FreeCadOriginal\FreeCAD\src\Mod\TechDraw\Gui\QGVPage.h">
      <Filter>View</Filter>
    </ClInclude>
    <ClInclude Include="C:\Users\evanb\FreeCADStuff\FreeCadSource\FreeCadOriginal\FreeCAD\src\Mod\TechDraw\Gui\QGSPage.h">
      <Filter>View</Filter>
    </ClInclude>
    <ClInclude Include="C:\Users\evanb\FreeCADStuff\FreeCadSource\FreeCadOriginal\FreeCAD\src\Mod\TechDraw\Gui\QGCustomText.h">
      <Filter>View</Filter>
    </ClInclude>
    <ClInclude Include="C:\Users\evanb\FreeCADStuff\FreeCadSource\FreeCadOriginal\FreeCAD\src\Mod\TechDraw\Gui\QGICaption.h">
      <Filter>View</Filter>
    </ClInclude>
    <ClInclude Include="C:\Users\evanb\FreeCADStuff\FreeCadSource\FreeCadOriginal\FreeCAD\src\Mod\TechDraw\Gui\QGCustomRect.h">
      <Filter>View</Filter>
    </ClInclude>
    <ClInclude Include="C:\Users\evanb\FreeCADStuff\FreeCadSource\FreeCadOriginal\FreeCAD\src\Mod\TechDraw\Gui\QGCustomSvg.h">
      <Filter>View</Filter>
    </ClInclude>
    <ClInclude Include="C:\Users\evanb\FreeCADStuff\FreeCadSource\FreeCadOriginal\FreeCAD\src\Mod\TechDraw\Gui\QGCustomClip.h">
      <Filter>View</Filter>
    </ClInclude>
    <ClInclude Include="C:\Users\evanb\FreeCADStuff\FreeCadSource\FreeCadOriginal\FreeCAD\src\Mod\TechDraw\Gui\QGCustomLabel.h">
      <Filter>View</Filter>
    </ClInclude>
    <ClInclude Include="C:\Users\evanb\FreeCADStuff\FreeCadSource\FreeCadOriginal\FreeCAD\src\Mod\TechDraw\Gui\QGCustomBorder.h">
      <Filter>View</Filter>
    </ClInclude>
    <ClInclude Include="C:\Users\evanb\FreeCADStuff\FreeCadSource\FreeCadOriginal\FreeCAD\src\Mod\TechDraw\Gui\QGCustomImage.h">
      <Filter>View</Filter>
    </ClInclude>
    <ClInclude Include="C:\Users\evanb\FreeCADStuff\FreeCadSource\FreeCadOriginal\FreeCAD\src\Mod\TechDraw\Gui\QGDisplayArea.h">
      <Filter>View</Filter>
    </ClInclude>
    <ClInclude Include="C:\Users\evanb\FreeCADStuff\FreeCadSource\FreeCadOriginal\FreeCAD\src\Mod\TechDraw\Gui\QGIView.h">
      <Filter>View</Filter>
    </ClInclude>
    <ClInclude Include="C:\Users\evanb\FreeCADStuff\FreeCadSource\FreeCadOriginal\FreeCAD\src\Mod\TechDraw\Gui\QGIArrow.h">
      <Filter>View</Filter>
    </ClInclude>
    <ClInclude Include="C:\Users\evanb\FreeCADStuff\FreeCadSource\FreeCadOriginal\FreeCAD\src\Mod\TechDraw\Gui\QGIEdge.h">
      <Filter>View</Filter>
    </ClInclude>
    <ClInclude Include="C:\Users\evanb\FreeCADStuff\FreeCadSource\FreeCadOriginal\FreeCAD\src\Mod\TechDraw\Gui\QGIFace.h">
      <Filter>View</Filter>
    </ClInclude>
    <ClInclude Include="C:\Users\evanb\FreeCADStuff\FreeCadSource\FreeCadOriginal\FreeCAD\src\Mod\TechDraw\Gui\QGISVGTemplate.h">
      <Filter>View</Filter>
    </ClInclude>
    <ClInclude Include="C:\Users\evanb\FreeCADStuff\FreeCadSource\FreeCadOriginal\FreeCAD\src\Mod\TechDraw\Gui\QGIVertex.h">
      <Filter>View</Filter>
    </ClInclude>
    <ClInclude Include="C:\Users\evanb\FreeCADStuff\FreeCadSource\FreeCadOriginal\FreeCAD\src\Mod\TechDraw\Gui\QGIMatting.h">
      <Filter>View</Filter>
    </ClInclude>
    <ClInclude Include="C:\Users\evanb\FreeCADStuff\FreeCadSource\FreeCadOriginal\FreeCAD\src\Mod\TechDraw\Gui\QGIDrawingTemplate.h">
      <Filter>View</Filter>
    </ClInclude>
    <ClInclude Include="C:\Users\evanb\FreeCADStuff\FreeCadSource\FreeCadOriginal\FreeCAD\src\Mod\TechDraw\Gui\QGITemplate.h">
      <Filter>View</Filter>
    </ClInclude>
    <ClInclude Include="C:\Users\evanb\FreeCADStuff\FreeCadSource\FreeCadOriginal\FreeCAD\src\Mod\TechDraw\Gui\QGIViewCollection.h">
      <Filter>View</Filter>
    </ClInclude>
    <ClInclude Include="C:\Users\evanb\FreeCADStuff\FreeCadSource\FreeCadOriginal\FreeCAD\src\Mod\TechDraw\Gui\QGIViewDimension.h">
      <Filter>View</Filter>
    </ClInclude>
    <ClInclude Include="C:\Users\evanb\FreeCADStuff\FreeCadSource\FreeCadOriginal\FreeCAD\src\Mod\TechDraw\Gui\QGIViewBalloon.h">
      <Filter>View</Filter>
    </ClInclude>
    <ClInclude Include="C:\Users\evanb\FreeCADStuff\FreeCadSource\FreeCadOriginal\FreeCAD\src\Mod\TechDraw\Gui\QGIProjGroup.h">
      <Filter>View</Filter>
    </ClInclude>
    <ClInclude Include="C:\Users\evanb\FreeCADStuff\FreeCadSource\FreeCadOriginal\FreeCAD\src\Mod\TechDraw\Gui\QGIViewPart.h">
      <Filter>View</Filter>
    </ClInclude>
    <ClInclude Include="C:\Users\evanb\FreeCADStuff\FreeCadSource\FreeCadOriginal\FreeCAD\src\Mod\TechDraw\Gui\QGIViewSection.h">
      <Filter>View</Filter>
    </ClInclude>
    <ClInclude Include="C:\Users\evanb\FreeCADStuff\FreeCadSource\FreeCadOriginal\FreeCAD\src\Mod\TechDraw\Gui\QGIViewAnnotation.h">
      <Filter>View</Filter>
    </ClInclude>
    <ClInclude Include="C:\Users\evanb\FreeCADStuff\FreeCadSource\FreeCadOriginal\FreeCAD\src\Mod\TechDraw\Gui\QGIViewSymbol.h">
      <Filter>View</Filter>
    </ClInclude>
    <ClInclude Include="C:\Users\evanb\FreeCADStuff\FreeCadSource\FreeCadOriginal\FreeCAD\src\Mod\TechDraw\Gui\QGIViewSpreadsheet.h">
      <Filter>View</Filter>
    </ClInclude>
    <ClInclude Include="C:\Users\evanb\FreeCADStuff\FreeCadSource\FreeCadOriginal\FreeCAD\src\Mod\TechDraw\Gui\QGIViewImage.h">
      <Filter>View</Filter>
    </ClInclude>
    <ClInclude Include="C:\Users\evanb\FreeCADStuff\FreeCadSource\FreeCadOriginal\FreeCAD\src\Mod\TechDraw\Gui\QGIViewClip.h">
      <Filter>View</Filter>
    </ClInclude>
    <ClInclude Include="C:\Users\evanb\FreeCADStuff\FreeCadSource\FreeCadOriginal\FreeCAD\src\Mod\TechDraw\Gui\QGIPrimPath.h">
      <Filter>View</Filter>
    </ClInclude>
    <ClInclude Include="C:\Users\evanb\FreeCADStuff\FreeCadSource\FreeCadOriginal\FreeCAD\src\Mod\TechDraw\Gui\QGICMark.h">
      <Filter>View</Filter>
    </ClInclude>
    <ClInclude Include="C:\Users\evanb\FreeCADStuff\FreeCadSource\FreeCadOriginal\FreeCAD\src\Mod\TechDraw\Gui\QGIDimLines.h">
      <Filter>View</Filter>
    </ClInclude>
    <ClInclude Include="C:\Users\evanb\FreeCADStuff\FreeCadSource\FreeCadOriginal\FreeCAD\src\Mod\TechDraw\Gui\QGISectionLine.h">
      <Filter>View</Filter>
    </ClInclude>
    <ClInclude Include="C:\Users\evanb\FreeCADStuff\FreeCadSource\FreeCadOriginal\FreeCAD\src\Mod\TechDraw\Gui\QGIDecoration.h">
      <Filter>View</Filter>
    </ClInclude>
    <ClInclude Include="C:\Users\evanb\FreeCADStuff\FreeCadSource\FreeCadOriginal\FreeCAD\src\Mod\TechDraw\Gui\QGICenterLine.h">
      <Filter>View</Filter>
    </ClInclude>
    <ClInclude Include="C:\Users\evanb\FreeCADStuff\FreeCadSource\FreeCadOriginal\FreeCAD\src\Mod\TechDraw\Gui\QGIHighlight.h">
      <Filter>View</Filter>
    </ClInclude>
    <ClInclude Include="C:\Users\evanb\FreeCADStuff\FreeCadSource\FreeCadOriginal\FreeCAD\src\Mod\TechDraw\Gui\QGEPath.h">
      <Filter>View</Filter>
    </ClInclude>
    <ClInclude Include="C:\Users\evanb\FreeCADStuff\FreeCadSource\FreeCadOriginal\FreeCAD\src\Mod\TechDraw\Gui\QGTracker.h">
      <Filter>View</Filter>
    </ClInclude>
    <ClInclude Include="C:\Users\evanb\FreeCADStuff\FreeCadSource\FreeCadOriginal\FreeCAD\src\Mod\TechDraw\Gui\QGILeaderLine.h">
      <Filter>View</Filter>
    </ClInclude>
    <ClInclude Include="C:\Users\evanb\FreeCADStuff\FreeCadSource\FreeCadOriginal\FreeCAD\src\Mod\TechDraw\Gui\QGIRichAnno.h">
      <Filter>View</Filter>
    </ClInclude>
    <ClInclude Include="C:\Users\evanb\FreeCADStuff\FreeCadSource\FreeCadOriginal\FreeCAD\src\Mod\TechDraw\Gui\QGMText.h">
      <Filter>View</Filter>
    </ClInclude>
    <ClInclude Include="C:\Users\evanb\FreeCADStuff\FreeCadSource\FreeCadOriginal\FreeCAD\src\Mod\TechDraw\Gui\QGIWeldSymbol.h">
      <Filter>View</Filter>
    </ClInclude>
    <ClInclude Include="C:\Users\evanb\FreeCADStuff\FreeCadSource\FreeCadOriginal\FreeCAD\src\Mod\TechDraw\Gui\QGITile.h">
      <Filter>View</Filter>
    </ClInclude>
    <ClInclude Include="C:\Users\evanb\FreeCADStuff\FreeCadSource\FreeCadOriginal\FreeCAD\src\Mod\TechDraw\Gui\TemplateTextField.h">
      <Filter>View</Filter>
    </ClInclude>
    <ClInclude Include="C:\Users\evanb\FreeCADStuff\FreeCadSource\FreeCadOriginal\FreeCAD\src\Mod\TechDraw\Gui\ZVALUE.h">
      <Filter>View</Filter>
    </ClInclude>
    <ClInclude Include="C:\Users\evanb\FreeCADStuff\FreeCadSource\FreeCadOriginal\FreeCAD\src\Mod\TechDraw\Gui\QGIGhostHighlight.h">
      <Filter>View</Filter>
    </ClInclude>
    <ClInclude Include="C:\Users\evanb\FreeCADStuff\FreeCadSource\FreeCadOriginal\FreeCAD\src\Mod\TechDraw\Gui\ViewProviderPage.h">
      <Filter>ViewProvider</Filter>
    </ClInclude>
    <ClInclude Include="C:\Users\evanb\FreeCADStuff\FreeCadSource\FreeCadOriginal\FreeCAD\src\Mod\TechDraw\Gui\ViewProviderDrawingView.h">
      <Filter>ViewProvider</Filter>
    </ClInclude>
    <ClInclude Include="C:\Users\evanb\FreeCADStuff\FreeCadSource\FreeCadOriginal\FreeCAD\src\Mod\TechDraw\Gui\ViewProviderProjGroupItem.h">
      <Filter>ViewProvider</Filter>
    </ClInclude>
    <ClInclude Include="C:\Users\evanb\FreeCADStuff\FreeCadSource\FreeCadOriginal\FreeCAD\src\Mod\TechDraw\Gui\ViewProviderTemplate.h">
      <Filter>ViewProvider</Filter>
    </ClInclude>
    <ClInclude Include="C:\Users\evanb\FreeCADStuff\FreeCadSource\FreeCadOriginal\FreeCAD\src\Mod\TechDraw\Gui\ViewProviderDimension.h">
      <Filter>ViewProvider</Filter>
    </ClInclude>
    <ClInclude Include="C:\Users\evanb\FreeCADStuff\FreeCadSource\FreeCadOriginal\FreeCAD\src\Mod\TechDraw\Gui\ViewProviderBalloon.h">
      <Filter>ViewProvider</Filter>
    </ClInclude>
    <ClInclude Include="C:\Users\evanb\FreeCADStuff\FreeCadSource\FreeCadOriginal\FreeCAD\src\Mod\TechDraw\Gui\ViewProviderViewPart.h">
      <Filter>ViewProvider</Filter>
    </ClInclude>
    <ClInclude Include="C:\Users\evanb\FreeCADStuff\FreeCadSource\FreeCadOriginal\FreeCAD\src\Mod\TechDraw\Gui\ViewProviderProjGroup.h">
      <Filter>ViewProvider</Filter>
    </ClInclude>
    <ClInclude Include="C:\Users\evanb\FreeCADStuff\FreeCadSource\FreeCadOriginal\FreeCAD\src\Mod\TechDraw\Gui\ViewProviderViewSection.h">
      <Filter>ViewProvider</Filter>
    </ClInclude>
    <ClInclude Include="C:\Users\evanb\FreeCADStuff\FreeCadSource\FreeCadOriginal\FreeCAD\src\Mod\TechDraw\Gui\ViewProviderAnnotation.h">
      <Filter>ViewProvider</Filter>
    </ClInclude>
    <ClInclude Include="C:\Users\evanb\FreeCADStuff\FreeCadSource\FreeCadOriginal\FreeCAD\src\Mod\TechDraw\Gui\ViewProviderSymbol.h">
      <Filter>ViewProvider</Filter>
    </ClInclude>
    <ClInclude Include="C:\Users\evanb\FreeCADStuff\FreeCadSource\FreeCadOriginal\FreeCAD\src\Mod\TechDraw\Gui\ViewProviderSpreadsheet.h">
      <Filter>ViewProvider</Filter>
    </ClInclude>
    <ClInclude Include="C:\Users\evanb\FreeCADStuff\FreeCadSource\FreeCadOriginal\FreeCAD\src\Mod\TechDraw\Gui\ViewProviderViewClip.h">
      <Filter>ViewProvider</Filter>
    </ClInclude>
    <ClInclude Include="C:\Users\evanb\FreeCADStuff\FreeCadSource\FreeCadOriginal\FreeCAD\src\Mod\TechDraw\Gui\ViewProviderGeomHatch.h">
      <Filter>ViewProvider</Filter>
    </ClInclude>
    <ClInclude Include="C:\Users\evanb\FreeCADStuff\FreeCadSource\FreeCadOriginal\FreeCAD\src\Mod\TechDraw\Gui\ViewProviderHatch.h">
      <Filter>ViewProvider</Filter>
    </ClInclude>
    <ClInclude Include="C:\Users\evanb\FreeCADStuff\FreeCadSource\FreeCadOriginal\FreeCAD\src\Mod\TechDraw\Gui\ViewProviderImage.h">
      <Filter>ViewProvider</Filter>
    </ClInclude>
    <ClInclude Include="C:\Users\evanb\FreeCADStuff\FreeCadSource\FreeCadOriginal\FreeCAD\src\Mod\TechDraw\Gui\ViewProviderLeader.h">
      <Filter>ViewProvider</Filter>
    </ClInclude>
    <ClInclude Include="C:\Users\evanb\FreeCADStuff\FreeCadSource\FreeCadOriginal\FreeCAD\src\Mod\TechDraw\Gui\ViewProviderRichAnno.h">
      <Filter>ViewProvider</Filter>
    </ClInclude>
    <ClInclude Include="C:\Users\evanb\FreeCADStuff\FreeCadSource\FreeCadOriginal\FreeCAD\src\Mod\TechDraw\Gui\ViewProviderTile.h">
      <Filter>ViewProvider</Filter>
    </ClInclude>
    <ClInclude Include="C:\Users\evanb\FreeCADStuff\FreeCadSource\FreeCadOriginal\FreeCAD\src\Mod\TechDraw\Gui\ViewProviderWeld.h">
      <Filter>ViewProvider</Filter>
    </ClInclude>
    <ClInclude Include="C:\Users\evanb\FreeCADStuff\FreeCadSource\FreeCadOriginal\FreeCAD\src\Mod\TechDraw\Gui\ViewProviderCosmeticExtension.h">
      <Filter>ViewProvider</Filter>
    </ClInclude>
    <ClInclude Include="C:\Users\evanb\FreeCADStuff\FreeCadSource\FreeCadOriginal\FreeCAD\src\Mod\TechDraw\Gui\QGVNavStyle.h">
      <Filter>Nav</Filter>
    </ClInclude>
    <ClInclude Include="C:\Users\evanb\FreeCADStuff\FreeCadSource\FreeCadOriginal\FreeCAD\src\Mod\TechDraw\Gui\QGVNavStyleBlender.h">
      <Filter>Nav</Filter>
    </ClInclude>
    <ClInclude Include="C:\Users\evanb\FreeCADStuff\FreeCadSource\FreeCadOriginal\FreeCAD\src\Mod\TechDraw\Gui\QGVNavStyleCAD.h">
      <Filter>Nav</Filter>
    </ClInclude>
    <ClInclude Include="C:\Users\evanb\FreeCADStuff\FreeCadSource\FreeCadOriginal\FreeCAD\src\Mod\TechDraw\Gui\QGVNavStyleGesture.h">
      <Filter>Nav</Filter>
    </ClInclude>
    <ClInclude Include="C:\Users\evanb\FreeCADStuff\FreeCadSource\FreeCadOriginal\FreeCAD\src\Mod\TechDraw\Gui\QGVNavStyleInventor.h">
      <Filter>Nav</Filter>
    </ClInclude>
    <ClInclude Include="C:\Users\evanb\FreeCADStuff\FreeCadSource\FreeCadOriginal\FreeCAD\src\Mod\TechDraw\Gui\QGVNavStyleMaya.h">
      <Filter>Nav</Filter>
    </ClInclude>
    <ClInclude Include="C:\Users\evanb\FreeCADStuff\FreeCadSource\FreeCadOriginal\FreeCAD\src\Mod\TechDraw\Gui\QGVNavStyleOCC.h">
      <Filter>Nav</Filter>
    </ClInclude>
    <ClInclude Include="C:\Users\evanb\FreeCADStuff\FreeCadSource\FreeCadOriginal\FreeCAD\src\Mod\TechDraw\Gui\QGVNavStyleOpenSCAD.h">
      <Filter>Nav</Filter>
    </ClInclude>
    <ClInclude Include="C:\Users\evanb\FreeCADStuff\FreeCadSource\FreeCadOriginal\FreeCAD\src\Mod\TechDraw\Gui\QGVNavStyleRevit.h">
      <Filter>Nav</Filter>
    </ClInclude>
    <ClInclude Include="C:\Users\evanb\FreeCADStuff\FreeCadSource\FreeCadOriginal\FreeCAD\src\Mod\TechDraw\Gui\QGVNavStyleTinkerCAD.h">
      <Filter>Nav</Filter>
    </ClInclude>
    <ClInclude Include="C:\Users\evanb\FreeCADStuff\FreeCadSource\FreeCadOriginal\FreeCAD\src\Mod\TechDraw\Gui\QGVNavStyleTouchpad.h">
      <Filter>Nav</Filter>
    </ClInclude>
  </ItemGroup>
  <ItemGroup>
    <CustomBuild Include="C:\Users\evanb\FreeCADStuff\FreeCadSource\FreeCadOriginal\FreeCAD\src\Mod\TechDraw\Gui\Resources\TechDraw.qrc">
      <Filter>Mod</Filter>
    </CustomBuild>
    <CustomBuild Include="C:\Users\evanb\FreeCADStuff\FreeCadSource\FreeCadOriginal\FreeCAD\src\Mod\TechDraw\Gui\mrichtextedit.ui">
      <Filter>TaskDialogs</Filter>
    </CustomBuild>
    <CustomBuild Include="C:\Users\evanb\FreeCADStuff\FreeCadSource\FreeCadOriginal\FreeCAD\src\Mod\TechDraw\Gui\TaskProjGroup.ui">
      <Filter>TaskDialogs</Filter>
    </CustomBuild>
    <CustomBuild Include="C:\Users\evanb\FreeCADStuff\FreeCadSource\FreeCadOriginal\FreeCAD\src\Mod\TechDraw\Gui\DlgPageChooser.ui">
      <Filter>Mod</Filter>
    </CustomBuild>
    <CustomBuild Include="C:\Users\evanb\FreeCADStuff\FreeCadSource\FreeCadOriginal\FreeCAD\src\Mod\TechDraw\Gui\DlgPrefsTechDrawGeneral.ui">
      <Filter>Mod</Filter>
    </CustomBuild>
    <CustomBuild Include="C:\Users\evanb\FreeCADStuff\FreeCadSource\FreeCadOriginal\FreeCAD\src\Mod\TechDraw\Gui\DlgPrefsTechDrawScale.ui">
      <Filter>Mod</Filter>
    </CustomBuild>
    <CustomBuild Include="C:\Users\evanb\FreeCADStuff\FreeCadSource\FreeCadOriginal\FreeCAD\src\Mod\TechDraw\Gui\DlgPrefsTechDrawAnnotation.ui">
      <Filter>Mod</Filter>
    </CustomBuild>
    <CustomBuild Include="C:\Users\evanb\FreeCADStuff\FreeCadSource\FreeCadOriginal\FreeCAD\src\Mod\TechDraw\Gui\DlgPrefsTechDrawDimensions.ui">
      <Filter>Mod</Filter>
    </CustomBuild>
    <CustomBuild Include="C:\Users\evanb\FreeCADStuff\FreeCadSource\FreeCadOriginal\FreeCAD\src\Mod\TechDraw\Gui\DlgPrefsTechDrawColors.ui">
      <Filter>Mod</Filter>
    </CustomBuild>
    <CustomBuild Include="C:\Users\evanb\FreeCADStuff\FreeCadSource\FreeCadOriginal\FreeCAD\src\Mod\TechDraw\Gui\DlgPrefsTechDrawAdvanced.ui">
      <Filter>Mod</Filter>
    </CustomBuild>
    <CustomBuild Include="C:\Users\evanb\FreeCADStuff\FreeCadSource\FreeCadOriginal\FreeCAD\src\Mod\TechDraw\Gui\DlgPrefsTechDrawHLR.ui">
      <Filter>Mod</Filter>
    </CustomBuild>
    <CustomBuild Include="C:\Users\evanb\FreeCADStuff\FreeCadSource\FreeCadOriginal\FreeCAD\src\Mod\TechDraw\Gui\DlgTemplateField.ui">
      <Filter>Mod</Filter>
    </CustomBuild>
    <CustomBuild Include="C:\Users\evanb\FreeCADStuff\FreeCadSource\FreeCadOriginal\FreeCAD\src\Mod\TechDraw\Gui\TaskSectionView.ui">
      <Filter>TaskDialogs</Filter>
    </CustomBuild>
    <CustomBuild Include="C:\Users\evanb\FreeCADStuff\FreeCadSource\FreeCadOriginal\FreeCAD\src\Mod\TechDraw\Gui\TaskBalloon.ui">
      <Filter>TaskDialogs</Filter>
    </CustomBuild>
    <CustomBuild Include="C:\Users\evanb\FreeCADStuff\FreeCadSource\FreeCadOriginal\FreeCAD\src\Mod\TechDraw\Gui\TaskDimension.ui">
      <Filter>TaskDialogs</Filter>
    </CustomBuild>
    <CustomBuild Include="C:\Users\evanb\FreeCADStuff\FreeCadSource\FreeCadOriginal\FreeCAD\src\Mod\TechDraw\Gui\TaskGeomHatch.ui">
      <Filter>TaskDialogs</Filter>
    </CustomBuild>
    <CustomBuild Include="C:\Users\evanb\FreeCADStuff\FreeCadSource\FreeCadOriginal\FreeCAD\src\Mod\TechDraw\Gui\TaskHatch.ui">
      <Filter>TaskDialogs</Filter>
    </CustomBuild>
    <CustomBuild Include="C:\Users\evanb\FreeCADStuff\FreeCadSource\FreeCadOriginal\FreeCAD\src\Mod\TechDraw\Gui\TaskLeaderLine.ui">
      <Filter>TaskDialogs</Filter>
    </CustomBuild>
    <CustomBuild Include="C:\Users\evanb\FreeCADStuff\FreeCadSource\FreeCadOriginal\FreeCAD\src\Mod\TechDraw\Gui\TaskRichAnno.ui">
      <Filter>TaskDialogs</Filter>
    </CustomBuild>
    <CustomBuild Include="C:\Users\evanb\FreeCADStuff\FreeCadSource\FreeCadOriginal\FreeCAD\src\Mod\TechDraw\Gui\TaskCosVertex.ui">
      <Filter>TaskDialogs</Filter>
    </CustomBuild>
    <CustomBuild Include="C:\Users\evanb\FreeCADStuff\FreeCadSource\FreeCadOriginal\FreeCAD\src\Mod\TechDraw\Gui\TaskCenterLine.ui">
      <Filter>TaskDialogs</Filter>
    </CustomBuild>
    <CustomBuild Include="C:\Users\evanb\FreeCADStuff\FreeCadSource\FreeCadOriginal\FreeCAD\src\Mod\TechDraw\Gui\TaskLineDecor.ui">
      <Filter>TaskDialogs</Filter>
    </CustomBuild>
    <CustomBuild Include="C:\Users\evanb\FreeCADStuff\FreeCadSource\FreeCadOriginal\FreeCAD\src\Mod\TechDraw\Gui\TaskLinkDim.ui">
      <Filter>TaskDialogs</Filter>
    </CustomBuild>
    <CustomBuild Include="C:\Users\evanb\FreeCADStuff\FreeCadSource\FreeCadOriginal\FreeCAD\src\Mod\TechDraw\Gui\TaskRestoreLines.ui">
      <Filter>TaskDialogs</Filter>
    </CustomBuild>
    <CustomBuild Include="C:\Users\evanb\FreeCADStuff\FreeCadSource\FreeCadOriginal\FreeCAD\src\Mod\TechDraw\Gui\TaskWeldingSymbol.ui">
      <Filter>TaskDialogs</Filter>
    </CustomBuild>
    <CustomBuild Include="C:\Users\evanb\FreeCADStuff\FreeCadSource\FreeCadOriginal\FreeCAD\src\Mod\TechDraw\Gui\TaskSurfaceFinishSymbols.ui">
      <Filter>TaskDialogs</Filter>
    </CustomBuild>
    <CustomBuild Include="C:\Users\evanb\FreeCADStuff\FreeCadSource\FreeCadOriginal\FreeCAD\src\Mod\TechDraw\Gui\TaskSelectLineAttributes.ui">
      <Filter>TaskDialogs</Filter>
    </CustomBuild>
    <CustomBuild Include="C:\Users\evanb\FreeCADStuff\FreeCadSource\FreeCadOriginal\FreeCAD\src\Mod\TechDraw\Gui\TaskCustomizeFormat.ui">
      <Filter>TaskDialogs</Filter>
    </CustomBuild>
    <CustomBuild Include="C:\Users\evanb\FreeCADStuff\FreeCadSource\FreeCadOriginal\FreeCAD\src\Mod\TechDraw\Gui\SymbolChooser.ui">
      <Filter>TaskDialogs</Filter>
    </CustomBuild>
    <CustomBuild Include="C:\Users\evanb\FreeCADStuff\FreeCadSource\FreeCadOriginal\FreeCAD\src\Mod\TechDraw\Gui\TaskActiveView.ui">
      <Filter>TaskDialogs</Filter>
    </CustomBuild>
    <CustomBuild Include="C:\Users\evanb\FreeCADStuff\FreeCadSource\FreeCadOriginal\FreeCAD\src\Mod\TechDraw\Gui\TaskDetail.ui">
      <Filter>TaskDialogs</Filter>
    </CustomBuild>
    <CustomBuild Include="C:\Users\evanb\FreeCADStuff\FreeCadSource\FreeCadOriginal\FreeCAD\src\Mod\TechDraw\Gui\TaskCosmeticLine.ui">
      <Filter>TaskDialogs</Filter>
    </CustomBuild>
    <CustomBuild Include="C:\Users\evanb\FreeCADStuff\FreeCadSource\FreeCadOriginal\FreeCAD\src\Mod\TechDraw\Gui\TaskMoveView.ui">
      <Filter>TaskDialogs</Filter>
    </CustomBuild>
    <CustomBuild Include="C:\Users\evanb\FreeCADStuff\FreeCadSource\FreeCadOriginal\FreeCAD\src\Mod\TechDraw\Gui\TaskProjection.ui">
      <Filter>TaskDialogs</Filter>
    </CustomBuild>
    <CustomBuild Include="C:\Users\evanb\FreeCADStuff\FreeCadSource\FreeCadOriginal\FreeCAD\src\Mod\TechDraw\Gui\Resources\icons\preferences-techdraw.svg" />
    <CustomBuild Include="C:\Users\evanb\FreeCADStuff\FreeCadSource\FreeCadOriginal\FreeCAD\src\Mod\TechDraw\Gui\Resources\fonts\osifont-lgpl3fe.ttf" />
    <CustomBuild Include="C:\Users\evanb\FreeCADStuff\FreeCadSource\FreeCadOriginal\FreeCAD\src\Mod\TechDraw\Gui\Resources\fonts\osifont.license" />
    <CustomBuild Include="C:\Users\evanb\FreeCADStuff\FreeCadSource\FreeCadOriginal\FreeCAD\src\Mod\TechDraw\Gui\CMakeLists.txt" />
  </ItemGroup>
  <ItemGroup>
    <None Include="C:\Users\evanb\FreeCADStuff\FreeCadSource\FreeCadOriginal\FreeCAD\src\Mod\TechDraw\InitGui.py">
      <Filter>Mod</Filter>
    </None>
  </ItemGroup>
  <ItemGroup>
    <Filter Include="Mod">
      <UniqueIdentifier>{321DDD17-BABE-30A5-98F4-4F345E4F24C4}</UniqueIdentifier>
    </Filter>
    <Filter Include="Nav">
      <UniqueIdentifier>{C1B5212B-FC8C-3AAA-AA53-98B560B9200A}</UniqueIdentifier>
    </Filter>
    <Filter Include="Source Files">
      <UniqueIdentifier>{CEA0781D-00C5-3B66-A896-4A3F9A247EAF}</UniqueIdentifier>
    </Filter>
    <Filter Include="TaskDialogs">
      <UniqueIdentifier>{08EAD8D2-EC96-33B3-8A12-BFDD7428F96C}</UniqueIdentifier>
    </Filter>
    <Filter Include="View">
      <UniqueIdentifier>{6D95E522-B5BE-3AD5-85A1-2581037CC547}</UniqueIdentifier>
    </Filter>
    <Filter Include="ViewProvider">
      <UniqueIdentifier>{3A7C1191-F775-396C-85BE-1DD914B077A3}</UniqueIdentifier>
    </Filter>
  </ItemGroup>
</Project>
