<?xml version="1.0" encoding="utf-8"?>
<Project ToolsVersion="17.0" xmlns="http://schemas.microsoft.com/developer/msbuild/2003">
  <ItemGroup>
    <ClCompile Include="C:\Users\evanb\FreeCADStuff\FreeCadSource\FreeCadBinaries\src\Mod\Sketcher\App\Sketcher_autogen\mocs_compilation_Debug.cpp">
      <Filter>Source Files</Filter>
    </ClCompile>
    <ClCompile Include="C:\Users\evanb\FreeCADStuff\FreeCadSource\FreeCadOriginal\FreeCAD\src\Mod\Sketcher\App\SketchObjectSF.cpp">
      <Filter>Features</Filter>
    </ClCompile>
    <ClCompile Include="C:\Users\evanb\FreeCADStuff\FreeCadSource\FreeCadOriginal\FreeCAD\src\Mod\Sketcher\App\SketchGeometryExtension.cpp">
      <Filter>Features</Filter>
    </ClCompile>
    <ClCompile Include="C:\Users\evanb\FreeCADStuff\FreeCadSource\FreeCadOriginal\FreeCAD\src\Mod\Sketcher\App\ExternalGeometryExtension.cpp">
      <Filter>Features</Filter>
    </ClCompile>
    <ClCompile Include="C:\Users\evanb\FreeCADStuff\FreeCadSource\FreeCadOriginal\FreeCAD\src\Mod\Sketcher\App\SolverGeometryExtension.cpp">
      <Filter>Features</Filter>
    </ClCompile>
    <ClCompile Include="C:\Users\evanb\FreeCADStuff\FreeCadSource\FreeCadOriginal\FreeCAD\src\Mod\Sketcher\App\SketchObject.cpp">
      <Filter>Features</Filter>
    </ClCompile>
    <ClCompile Include="C:\Users\evanb\FreeCADStuff\FreeCadSource\FreeCadOriginal\FreeCAD\src\Mod\Sketcher\App\SketchAnalysis.cpp">
      <Filter>Features</Filter>
    </ClCompile>
    <ClCompile Include="C:\Users\evanb\FreeCADStuff\FreeCadSource\FreeCadOriginal\FreeCAD\src\Mod\Sketcher\App\PythonConverter.cpp">
      <Filter>Features</Filter>
    </ClCompile>
    <ClCompile Include="C:\Users\evanb\FreeCADStuff\FreeCadSource\FreeCadOriginal\FreeCAD\src\Mod\Sketcher\App\planegcs\GCS.cpp">
      <Filter>PlaneGCS</Filter>
    </ClCompile>
    <ClCompile Include="C:\Users\evanb\FreeCADStuff\FreeCadSource\FreeCadOriginal\FreeCAD\src\Mod\Sketcher\App\planegcs\Geo.cpp">
      <Filter>PlaneGCS</Filter>
    </ClCompile>
    <ClCompile Include="C:\Users\evanb\FreeCADStuff\FreeCadSource\FreeCadOriginal\FreeCAD\src\Mod\Sketcher\App\planegcs\Constraints.cpp">
      <Filter>PlaneGCS</Filter>
    </ClCompile>
    <ClCompile Include="C:\Users\evanb\FreeCADStuff\FreeCadSource\FreeCadOriginal\FreeCAD\src\Mod\Sketcher\App\planegcs\SubSystem.cpp">
      <Filter>PlaneGCS</Filter>
    </ClCompile>
    <ClCompile Include="C:\Users\evanb\FreeCADStuff\FreeCadSource\FreeCadOriginal\FreeCAD\src\Mod\Sketcher\App\planegcs\qp_eq.cpp">
      <Filter>PlaneGCS</Filter>
    </ClCompile>
    <ClCompile Include="C:\Users\evanb\FreeCADStuff\FreeCadSource\FreeCadOriginal\FreeCAD\src\Mod\Sketcher\App\AppSketcher.cpp">
      <Filter>Module</Filter>
    </ClCompile>
    <ClCompile Include="C:\Users\evanb\FreeCADStuff\FreeCadSource\FreeCadOriginal\FreeCAD\src\Mod\Sketcher\App\AppSketcherPy.cpp">
      <Filter>Module</Filter>
    </ClCompile>
    <ClCompile Include="C:\Users\evanb\FreeCADStuff\FreeCadSource\FreeCadOriginal\FreeCAD\src\Mod\Sketcher\App\PreCompiled.cpp">
      <Filter>Module</Filter>
    </ClCompile>
    <ClCompile Include="C:\Users\evanb\FreeCADStuff\FreeCadSource\FreeCadOriginal\FreeCAD\src\Mod\Sketcher\App\SketchObjectSFPyImp.cpp">
      <Filter>Python</Filter>
    </ClCompile>
    <ClCompile Include="C:\Users\evanb\FreeCADStuff\FreeCadSource\FreeCadOriginal\FreeCAD\src\Mod\Sketcher\App\SketchObjectPyImp.cpp">
      <Filter>Python</Filter>
    </ClCompile>
    <ClCompile Include="C:\Users\evanb\FreeCADStuff\FreeCadSource\FreeCadOriginal\FreeCAD\src\Mod\Sketcher\App\SketchGeometryExtensionPyImp.cpp">
      <Filter>Python</Filter>
    </ClCompile>
    <ClCompile Include="C:\Users\evanb\FreeCADStuff\FreeCadSource\FreeCadOriginal\FreeCAD\src\Mod\Sketcher\App\ExternalGeometryExtensionPyImp.cpp">
      <Filter>Python</Filter>
    </ClCompile>
    <ClCompile Include="C:\Users\evanb\FreeCADStuff\FreeCadSource\FreeCadOriginal\FreeCAD\src\Mod\Sketcher\App\GeometryFacadePyImp.cpp">
      <Filter>Python</Filter>
    </ClCompile>
    <ClCompile Include="C:\Users\evanb\FreeCADStuff\FreeCadSource\FreeCadOriginal\FreeCAD\src\Mod\Sketcher\App\ExternalGeometryFacadePyImp.cpp">
      <Filter>Python</Filter>
    </ClCompile>
    <ClCompile Include="C:\Users\evanb\FreeCADStuff\FreeCadSource\FreeCadOriginal\FreeCAD\src\Mod\Sketcher\App\ConstraintPyImp.cpp">
      <Filter>Python</Filter>
    </ClCompile>
    <ClCompile Include="C:\Users\evanb\FreeCADStuff\FreeCadSource\FreeCadOriginal\FreeCAD\src\Mod\Sketcher\App\SketchPyImp.cpp">
      <Filter>Python</Filter>
    </ClCompile>
    <ClCompile Include="C:\Users\evanb\FreeCADStuff\FreeCadSource\FreeCadOriginal\FreeCAD\src\Mod\Sketcher\App\PropertyConstraintList.cpp">
      <Filter>Properties</Filter>
    </ClCompile>
    <ClCompile Include="C:\Users\evanb\FreeCADStuff\FreeCadSource\FreeCadOriginal\FreeCAD\src\Mod\Sketcher\App\Constraint.cpp">
      <Filter>Datatypes</Filter>
    </ClCompile>
    <ClCompile Include="C:\Users\evanb\FreeCADStuff\FreeCadSource\FreeCadOriginal\FreeCAD\src\Mod\Sketcher\App\Sketch.cpp">
      <Filter>Datatypes</Filter>
    </ClCompile>
    <ClCompile Include="C:\Users\evanb\FreeCADStuff\FreeCadSource\FreeCadOriginal\FreeCAD\src\Mod\Sketcher\App\GeoList.cpp">
      <Filter>Datatypes</Filter>
    </ClCompile>
    <ClCompile Include="C:\Users\evanb\FreeCADStuff\FreeCadSource\FreeCadOriginal\FreeCAD\src\Mod\Sketcher\App\GeometryFacade.cpp">
      <Filter>Datatypes</Filter>
    </ClCompile>
    <ClCompile Include="C:\Users\evanb\FreeCADStuff\FreeCadSource\FreeCadOriginal\FreeCAD\src\Mod\Sketcher\App\ExternalGeometryFacade.cpp">
      <Filter>Datatypes</Filter>
    </ClCompile>
    <ClCompile Include="C:\Users\evanb\FreeCADStuff\FreeCadSource\FreeCadOriginal\FreeCAD\src\Mod\Sketcher\App\GeoEnum.cpp">
      <Filter>Datatypes</Filter>
    </ClCompile>
    <ClCompile Include="C:\Users\evanb\FreeCADStuff\FreeCadSource\FreeCadBinaries\src\Mod\Sketcher\App\Sketcher_autogen\mocs_compilation_Release.cpp">
      <Filter>Source Files</Filter>
    </ClCompile>
    <ClCompile Include="C:\Users\evanb\FreeCADStuff\FreeCadSource\FreeCadBinaries\src\Mod\Sketcher\App\Sketcher_autogen\mocs_compilation_MinSizeRel.cpp">
      <Filter>Source Files</Filter>
    </ClCompile>
    <ClCompile Include="C:\Users\evanb\FreeCADStuff\FreeCadSource\FreeCadBinaries\src\Mod\Sketcher\App\Sketcher_autogen\mocs_compilation_RelWithDebInfo.cpp">
      <Filter>Source Files</Filter>
    </ClCompile>
  </ItemGroup>
  <ItemGroup>
    <ClInclude Include="C:\Users\evanb\FreeCADStuff\FreeCadSource\FreeCadOriginal\FreeCAD\src\Mod\Sketcher\App\SketchObjectSF.h">
      <Filter>Features</Filter>
    </ClInclude>
    <ClInclude Include="C:\Users\evanb\FreeCADStuff\FreeCadSource\FreeCadOriginal\FreeCAD\src\Mod\Sketcher\App\SketchGeometryExtension.h">
      <Filter>Features</Filter>
    </ClInclude>
    <ClInclude Include="C:\Users\evanb\FreeCADStuff\FreeCadSource\FreeCadOriginal\FreeCAD\src\Mod\Sketcher\App\ExternalGeometryExtension.h">
      <Filter>Features</Filter>
    </ClInclude>
    <ClInclude Include="C:\Users\evanb\FreeCADStuff\FreeCadSource\FreeCadOriginal\FreeCAD\src\Mod\Sketcher\App\SolverGeometryExtension.h">
      <Filter>Features</Filter>
    </ClInclude>
    <ClInclude Include="C:\Users\evanb\FreeCADStuff\FreeCadSource\FreeCadOriginal\FreeCAD\src\Mod\Sketcher\App\SketchObject.h">
      <Filter>Features</Filter>
    </ClInclude>
    <ClInclude Include="C:\Users\evanb\FreeCADStuff\FreeCadSource\FreeCadOriginal\FreeCAD\src\Mod\Sketcher\App\SketchAnalysis.h">
      <Filter>Features</Filter>
    </ClInclude>
    <ClInclude Include="C:\Users\evanb\FreeCADStuff\FreeCadSource\FreeCadOriginal\FreeCAD\src\Mod\Sketcher\App\Analyse.h">
      <Filter>Features</Filter>
    </ClInclude>
    <ClInclude Include="C:\Users\evanb\FreeCADStuff\FreeCadSource\FreeCadOriginal\FreeCAD\src\Mod\Sketcher\App\PythonConverter.h">
      <Filter>Features</Filter>
    </ClInclude>
    <ClInclude Include="C:\Users\evanb\FreeCADStuff\FreeCadSource\FreeCadOriginal\FreeCAD\src\Mod\Sketcher\App\planegcs\GCS.h">
      <Filter>PlaneGCS</Filter>
    </ClInclude>
    <ClInclude Include="C:\Users\evanb\FreeCADStuff\FreeCadSource\FreeCadOriginal\FreeCAD\src\Mod\Sketcher\App\planegcs\Util.h">
      <Filter>PlaneGCS</Filter>
    </ClInclude>
    <ClInclude Include="C:\Users\evanb\FreeCADStuff\FreeCadSource\FreeCadOriginal\FreeCAD\src\Mod\Sketcher\App\planegcs\Geo.h">
      <Filter>PlaneGCS</Filter>
    </ClInclude>
    <ClInclude Include="C:\Users\evanb\FreeCADStuff\FreeCadSource\FreeCadOriginal\FreeCAD\src\Mod\Sketcher\App\planegcs\Constraints.h">
      <Filter>PlaneGCS</Filter>
    </ClInclude>
    <ClInclude Include="C:\Users\evanb\FreeCADStuff\FreeCadSource\FreeCadOriginal\FreeCAD\src\Mod\Sketcher\App\planegcs\SubSystem.h">
      <Filter>PlaneGCS</Filter>
    </ClInclude>
    <ClInclude Include="C:\Users\evanb\FreeCADStuff\FreeCadSource\FreeCadOriginal\FreeCAD\src\Mod\Sketcher\App\planegcs\qp_eq.h">
      <Filter>PlaneGCS</Filter>
    </ClInclude>
    <ClInclude Include="C:\Users\evanb\FreeCADStuff\FreeCadSource\FreeCadOriginal\FreeCAD\src\Mod\Sketcher\App\PreCompiled.h">
      <Filter>Module</Filter>
    </ClInclude>
    <ClInclude Include="C:\Users\evanb\FreeCADStuff\FreeCadSource\FreeCadOriginal\FreeCAD\src\Mod\Sketcher\App\PropertyConstraintList.h">
      <Filter>Properties</Filter>
    </ClInclude>
    <ClInclude Include="C:\Users\evanb\FreeCADStuff\FreeCadSource\FreeCadOriginal\FreeCAD\src\Mod\Sketcher\App\Constraint.h">
      <Filter>Datatypes</Filter>
    </ClInclude>
    <ClInclude Include="C:\Users\evanb\FreeCADStuff\FreeCadSource\FreeCadOriginal\FreeCAD\src\Mod\Sketcher\App\Sketch.h">
      <Filter>Datatypes</Filter>
    </ClInclude>
    <ClInclude Include="C:\Users\evanb\FreeCADStuff\FreeCadSource\FreeCadOriginal\FreeCAD\src\Mod\Sketcher\App\GeoList.h">
      <Filter>Datatypes</Filter>
    </ClInclude>
    <ClInclude Include="C:\Users\evanb\FreeCADStuff\FreeCadSource\FreeCadOriginal\FreeCAD\src\Mod\Sketcher\App\GeometryFacade.h">
      <Filter>Datatypes</Filter>
    </ClInclude>
    <ClInclude Include="C:\Users\evanb\FreeCADStuff\FreeCadSource\FreeCadOriginal\FreeCAD\src\Mod\Sketcher\App\ExternalGeometryFacade.h">
      <Filter>Datatypes</Filter>
    </ClInclude>
    <ClInclude Include="C:\Users\evanb\FreeCADStuff\FreeCadSource\FreeCadOriginal\FreeCAD\src\Mod\Sketcher\App\GeoEnum.h">
      <Filter>Datatypes</Filter>
    </ClInclude>
  </ItemGroup>
  <ItemGroup>
    <CustomBuild Include="C:\Users\evanb\FreeCADStuff\FreeCadSource\FreeCadOriginal\FreeCAD\src\Mod\Sketcher\App\SketchObjectSFPy.xml">
      <Filter>Python</Filter>
    </CustomBuild>
    <CustomBuild Include="C:\Users\evanb\FreeCADStuff\FreeCadSource\FreeCadOriginal\FreeCAD\src\Mod\Sketcher\App\SketchObjectPy.xml">
      <Filter>Python</Filter>
    </CustomBuild>
    <CustomBuild Include="C:\Users\evanb\FreeCADStuff\FreeCadSource\FreeCadOriginal\FreeCAD\src\Mod\Sketcher\App\SketchGeometryExtensionPy.xml">
      <Filter>Python</Filter>
    </CustomBuild>
    <CustomBuild Include="C:\Users\evanb\FreeCADStuff\FreeCadSource\FreeCadOriginal\FreeCAD\src\Mod\Sketcher\App\ExternalGeometryExtensionPy.xml">
      <Filter>Python</Filter>
    </CustomBuild>
    <CustomBuild Include="C:\Users\evanb\FreeCADStuff\FreeCadSource\FreeCadOriginal\FreeCAD\src\Mod\Sketcher\App\GeometryFacadePy.xml">
      <Filter>Python</Filter>
    </CustomBuild>
    <CustomBuild Include="C:\Users\evanb\FreeCADStuff\FreeCadSource\FreeCadOriginal\FreeCAD\src\Mod\Sketcher\App\ExternalGeometryFacadePy.xml">
      <Filter>Python</Filter>
    </CustomBuild>
    <CustomBuild Include="C:\Users\evanb\FreeCADStuff\FreeCadSource\FreeCadOriginal\FreeCAD\src\Mod\Sketcher\App\ConstraintPy.xml">
      <Filter>Python</Filter>
    </CustomBuild>
    <CustomBuild Include="C:\Users\evanb\FreeCADStuff\FreeCadSource\FreeCadOriginal\FreeCAD\src\Mod\Sketcher\App\SketchPy.xml">
      <Filter>Python</Filter>
    </CustomBuild>
    <CustomBuild Include="C:\Users\evanb\FreeCADStuff\FreeCadSource\FreeCadOriginal\FreeCAD\src\Mod\Sketcher\App\CMakeLists.txt" />
  </ItemGroup>
  <ItemGroup>
    <Filter Include="Datatypes">
      <UniqueIdentifier>{D38A8621-07E8-3A8C-9216-031E9B97FFC1}</UniqueIdentifier>
    </Filter>
    <Filter Include="Features">
      <UniqueIdentifier>{C3FA1F71-7DFA-3416-9363-B2E39A0C9B7A}</UniqueIdentifier>
    </Filter>
    <Filter Include="Module">
      <UniqueIdentifier>{3B243185-DCBF-36D0-8572-103D12122E40}</UniqueIdentifier>
    </Filter>
    <Filter Include="PlaneGCS">
      <UniqueIdentifier>{8DA72EFA-AC25-3BA2-A608-4D0BD24C0750}</UniqueIdentifier>
    </Filter>
    <Filter Include="Properties">
      <UniqueIdentifier>{D26199DE-BF87-3CDC-8C4C-FE14CD56D0CA}</UniqueIdentifier>
    </Filter>
    <Filter Include="Python">
      <UniqueIdentifier>{6581BB3C-2238-3029-8BF9-59FDC8F7C3B0}</UniqueIdentifier>
    </Filter>
    <Filter Include="Source Files">
      <UniqueIdentifier>{CEA0781D-00C5-3B66-A896-4A3F9A247EAF}</UniqueIdentifier>
    </Filter>
  </ItemGroup>
</Project>
