<?xml version="1.0" encoding="utf-8"?>
<Project ToolsVersion="17.0" xmlns="http://schemas.microsoft.com/developer/msbuild/2003">
  <ItemGroup>
    <ClCompile Include="C:\Users\evanb\FreeCADStuff\FreeCadSource\FreeCadBinaries\src\Mod\Raytracing\Gui\RaytracingGui_autogen\mocs_compilation_Debug.cpp">
      <Filter>Source Files</Filter>
    </ClCompile>
    <ClCompile Include="C:\Users\evanb\FreeCADStuff\FreeCadSource\FreeCadBinaries\src\Mod\Raytracing\Gui\qrc_Raytracing.cpp">
      <Filter>Source Files</Filter>
    </ClCompile>
    <ClCompile Include="C:\Users\evanb\FreeCADStuff\FreeCadSource\FreeCadOriginal\FreeCAD\src\Mod\Raytracing\Gui\AppRaytracingGui.cpp">
      <Filter>Source Files</Filter>
    </ClCompile>
    <ClCompile Include="C:\Users\evanb\FreeCADStuff\FreeCadSource\FreeCadOriginal\FreeCAD\src\Mod\Raytracing\Gui\AppRaytracingGuiPy.cpp">
      <Filter>Source Files</Filter>
    </ClCompile>
    <ClCompile Include="C:\Users\evanb\FreeCADStuff\FreeCadSource\FreeCadOriginal\FreeCAD\src\Mod\Raytracing\Gui\Command.cpp">
      <Filter>Source Files</Filter>
    </ClCompile>
    <ClCompile Include="C:\Users\evanb\FreeCADStuff\FreeCadSource\FreeCadOriginal\FreeCAD\src\Mod\Raytracing\Gui\DlgSettingsRayImp.cpp">
      <Filter>Source Files</Filter>
    </ClCompile>
    <ClCompile Include="C:\Users\evanb\FreeCADStuff\FreeCadSource\FreeCadOriginal\FreeCAD\src\Mod\Raytracing\Gui\PovrayHighlighter.cpp">
      <Filter>Source Files</Filter>
    </ClCompile>
    <ClCompile Include="C:\Users\evanb\FreeCADStuff\FreeCadSource\FreeCadOriginal\FreeCAD\src\Mod\Raytracing\Gui\PreCompiled.cpp">
      <Filter>Source Files</Filter>
    </ClCompile>
    <ClCompile Include="C:\Users\evanb\FreeCADStuff\FreeCadSource\FreeCadOriginal\FreeCAD\src\Mod\Raytracing\Gui\ViewProvider.cpp">
      <Filter>Source Files</Filter>
    </ClCompile>
    <ClCompile Include="C:\Users\evanb\FreeCADStuff\FreeCadSource\FreeCadOriginal\FreeCAD\src\Mod\Raytracing\Gui\Workbench.cpp">
      <Filter>Source Files</Filter>
    </ClCompile>
    <ClCompile Include="C:\Users\evanb\FreeCADStuff\FreeCadSource\FreeCadBinaries\src\Mod\Raytracing\Gui\RaytracingGui_autogen\mocs_compilation_Release.cpp">
      <Filter>Source Files</Filter>
    </ClCompile>
    <ClCompile Include="C:\Users\evanb\FreeCADStuff\FreeCadSource\FreeCadBinaries\src\Mod\Raytracing\Gui\RaytracingGui_autogen\mocs_compilation_MinSizeRel.cpp">
      <Filter>Source Files</Filter>
    </ClCompile>
    <ClCompile Include="C:\Users\evanb\FreeCADStuff\FreeCadSource\FreeCadBinaries\src\Mod\Raytracing\Gui\RaytracingGui_autogen\mocs_compilation_RelWithDebInfo.cpp">
      <Filter>Source Files</Filter>
    </ClCompile>
  </ItemGroup>
  <ItemGroup>
    <ClInclude Include="C:\Users\evanb\FreeCADStuff\FreeCadSource\FreeCadBinaries\src\Mod\Raytracing\Gui\ui_DlgSettingsRay.h">
      <Filter>Header Files</Filter>
    </ClInclude>
    <ClInclude Include="C:\Users\evanb\FreeCADStuff\FreeCadSource\FreeCadOriginal\FreeCAD\src\Mod\Raytracing\Gui\DlgSettingsRayImp.h">
      <Filter>Header Files</Filter>
    </ClInclude>
    <ClInclude Include="C:\Users\evanb\FreeCADStuff\FreeCadSource\FreeCadOriginal\FreeCAD\src\Mod\Raytracing\Gui\PovrayHighlighter.h">
      <Filter>Header Files</Filter>
    </ClInclude>
    <ClInclude Include="C:\Users\evanb\FreeCADStuff\FreeCadSource\FreeCadOriginal\FreeCAD\src\Mod\Raytracing\Gui\PreCompiled.h">
      <Filter>Header Files</Filter>
    </ClInclude>
    <ClInclude Include="C:\Users\evanb\FreeCADStuff\FreeCadSource\FreeCadOriginal\FreeCAD\src\Mod\Raytracing\Gui\ViewProvider.h">
      <Filter>Header Files</Filter>
    </ClInclude>
    <ClInclude Include="C:\Users\evanb\FreeCADStuff\FreeCadSource\FreeCadOriginal\FreeCAD\src\Mod\Raytracing\Gui\Workbench.h">
      <Filter>Header Files</Filter>
    </ClInclude>
  </ItemGroup>
  <ItemGroup>
    <CustomBuild Include="C:\Users\evanb\FreeCADStuff\FreeCadSource\FreeCadOriginal\FreeCAD\src\Mod\Raytracing\Gui\Resources\Raytracing.qrc">
      <Filter>Resource</Filter>
    </CustomBuild>
    <CustomBuild Include="C:\Users\evanb\FreeCADStuff\FreeCadSource\FreeCadOriginal\FreeCAD\src\Mod\Raytracing\Gui\DlgSettingsRay.ui" />
    <CustomBuild Include="C:\Users\evanb\FreeCADStuff\FreeCadSource\FreeCadOriginal\FreeCAD\src\Mod\Raytracing\Gui\FreeCADpov" />
    <CustomBuild Include="C:\Users\evanb\FreeCADStuff\FreeCadSource\FreeCadOriginal\FreeCAD\src\Mod\Raytracing\Gui\Resources\icons\RaytracingWorkbench.svg" />
    <CustomBuild Include="C:\Users\evanb\FreeCADStuff\FreeCadSource\FreeCadOriginal\FreeCAD\src\Mod\Raytracing\Gui\CMakeLists.txt" />
  </ItemGroup>
  <ItemGroup>
    <Filter Include="Header Files">
      <UniqueIdentifier>{A79AE94B-2362-3FBD-9692-5CB9260B38A0}</UniqueIdentifier>
    </Filter>
    <Filter Include="Resource">
      <UniqueIdentifier>{51FB0B72-2406-3688-85F7-962750EA89D2}</UniqueIdentifier>
    </Filter>
    <Filter Include="Source Files">
      <UniqueIdentifier>{CEA0781D-00C5-3B66-A896-4A3F9A247EAF}</UniqueIdentifier>
    </Filter>
  </ItemGroup>
</Project>
