<?xml version="1.0" encoding="utf-8"?>
<Project ToolsVersion="17.0" xmlns="http://schemas.microsoft.com/developer/msbuild/2003">
  <ItemGroup>
    <ClCompile Include="C:\Users\evanb\FreeCADStuff\FreeCadSource\FreeCadBinaries\src\Mod\Path\App\Path_autogen\mocs_compilation_Debug.cpp">
      <Filter>Source Files</Filter>
    </ClCompile>
    <ClCompile Include="C:\Users\evanb\FreeCADStuff\FreeCadSource\FreeCadOriginal\FreeCAD\src\Mod\Path\App\Command.cpp">
      <Filter>Source Files</Filter>
    </ClCompile>
    <ClCompile Include="C:\Users\evanb\FreeCADStuff\FreeCadSource\FreeCadOriginal\FreeCAD\src\Mod\Path\App\Path.cpp">
      <Filter>Source Files</Filter>
    </ClCompile>
    <ClCompile Include="C:\Users\evanb\FreeCADStuff\FreeCadSource\FreeCadOriginal\FreeCAD\src\Mod\Path\App\Tool.cpp">
      <Filter>Source Files</Filter>
    </ClCompile>
    <ClCompile Include="C:\Users\evanb\FreeCADStuff\FreeCadSource\FreeCadOriginal\FreeCAD\src\Mod\Path\App\Tooltable.cpp">
      <Filter>Source Files</Filter>
    </ClCompile>
    <ClCompile Include="C:\Users\evanb\FreeCADStuff\FreeCadSource\FreeCadOriginal\FreeCAD\src\Mod\Path\App\PropertyPath.cpp">
      <Filter>Source Files</Filter>
    </ClCompile>
    <ClCompile Include="C:\Users\evanb\FreeCADStuff\FreeCadSource\FreeCadOriginal\FreeCAD\src\Mod\Path\App\FeaturePath.cpp">
      <Filter>Source Files</Filter>
    </ClCompile>
    <ClCompile Include="C:\Users\evanb\FreeCADStuff\FreeCadSource\FreeCadOriginal\FreeCAD\src\Mod\Path\App\PropertyTool.cpp">
      <Filter>Source Files</Filter>
    </ClCompile>
    <ClCompile Include="C:\Users\evanb\FreeCADStuff\FreeCadSource\FreeCadOriginal\FreeCAD\src\Mod\Path\App\PropertyTooltable.cpp">
      <Filter>Source Files</Filter>
    </ClCompile>
    <ClCompile Include="C:\Users\evanb\FreeCADStuff\FreeCadSource\FreeCadOriginal\FreeCAD\src\Mod\Path\App\FeaturePathCompound.cpp">
      <Filter>Source Files</Filter>
    </ClCompile>
    <ClCompile Include="C:\Users\evanb\FreeCADStuff\FreeCadSource\FreeCadOriginal\FreeCAD\src\Mod\Path\App\FeaturePathShape.cpp">
      <Filter>Source Files</Filter>
    </ClCompile>
    <ClCompile Include="C:\Users\evanb\FreeCADStuff\FreeCadSource\FreeCadOriginal\FreeCAD\src\Mod\Path\App\Area.cpp">
      <Filter>Source Files</Filter>
    </ClCompile>
    <ClCompile Include="C:\Users\evanb\FreeCADStuff\FreeCadSource\FreeCadOriginal\FreeCAD\src\Mod\Path\App\FeatureArea.cpp">
      <Filter>Source Files</Filter>
    </ClCompile>
    <ClCompile Include="C:\Users\evanb\FreeCADStuff\FreeCadSource\FreeCadOriginal\FreeCAD\src\Mod\Path\App\PathSegmentWalker.cpp">
      <Filter>Source Files</Filter>
    </ClCompile>
    <ClCompile Include="C:\Users\evanb\FreeCADStuff\FreeCadSource\FreeCadOriginal\FreeCAD\src\Mod\Path\App\Voronoi.cpp">
      <Filter>Source Files</Filter>
    </ClCompile>
    <ClCompile Include="C:\Users\evanb\FreeCADStuff\FreeCadSource\FreeCadOriginal\FreeCAD\src\Mod\Path\App\VoronoiCell.cpp">
      <Filter>Source Files</Filter>
    </ClCompile>
    <ClCompile Include="C:\Users\evanb\FreeCADStuff\FreeCadSource\FreeCadOriginal\FreeCAD\src\Mod\Path\App\VoronoiEdge.cpp">
      <Filter>Source Files</Filter>
    </ClCompile>
    <ClCompile Include="C:\Users\evanb\FreeCADStuff\FreeCadSource\FreeCadOriginal\FreeCAD\src\Mod\Path\App\VoronoiVertex.cpp">
      <Filter>Source Files</Filter>
    </ClCompile>
    <ClCompile Include="C:\Users\evanb\FreeCADStuff\FreeCadSource\FreeCadOriginal\FreeCAD\src\Mod\Path\App\AppPath.cpp">
      <Filter>Module</Filter>
    </ClCompile>
    <ClCompile Include="C:\Users\evanb\FreeCADStuff\FreeCadSource\FreeCadOriginal\FreeCAD\src\Mod\Path\App\AppPathPy.cpp">
      <Filter>Module</Filter>
    </ClCompile>
    <ClCompile Include="C:\Users\evanb\FreeCADStuff\FreeCadSource\FreeCadOriginal\FreeCAD\src\Mod\Path\App\PreCompiled.cpp">
      <Filter>Module</Filter>
    </ClCompile>
    <ClCompile Include="C:\Users\evanb\FreeCADStuff\FreeCadSource\FreeCadOriginal\FreeCAD\src\Mod\Path\App\CommandPyImp.cpp">
      <Filter>Python</Filter>
    </ClCompile>
    <ClCompile Include="C:\Users\evanb\FreeCADStuff\FreeCadSource\FreeCadOriginal\FreeCAD\src\Mod\Path\App\PathPyImp.cpp">
      <Filter>Python</Filter>
    </ClCompile>
    <ClCompile Include="C:\Users\evanb\FreeCADStuff\FreeCadSource\FreeCadOriginal\FreeCAD\src\Mod\Path\App\ToolPyImp.cpp">
      <Filter>Python</Filter>
    </ClCompile>
    <ClCompile Include="C:\Users\evanb\FreeCADStuff\FreeCadSource\FreeCadOriginal\FreeCAD\src\Mod\Path\App\TooltablePyImp.cpp">
      <Filter>Python</Filter>
    </ClCompile>
    <ClCompile Include="C:\Users\evanb\FreeCADStuff\FreeCadSource\FreeCadOriginal\FreeCAD\src\Mod\Path\App\FeaturePathCompoundPyImp.cpp">
      <Filter>Python</Filter>
    </ClCompile>
    <ClCompile Include="C:\Users\evanb\FreeCADStuff\FreeCadSource\FreeCadOriginal\FreeCAD\src\Mod\Path\App\AreaPyImp.cpp">
      <Filter>Python</Filter>
    </ClCompile>
    <ClCompile Include="C:\Users\evanb\FreeCADStuff\FreeCadSource\FreeCadOriginal\FreeCAD\src\Mod\Path\App\FeatureAreaPyImp.cpp">
      <Filter>Python</Filter>
    </ClCompile>
    <ClCompile Include="C:\Users\evanb\FreeCADStuff\FreeCadSource\FreeCadOriginal\FreeCAD\src\Mod\Path\App\VoronoiPyImp.cpp">
      <Filter>Python</Filter>
    </ClCompile>
    <ClCompile Include="C:\Users\evanb\FreeCADStuff\FreeCadSource\FreeCadOriginal\FreeCAD\src\Mod\Path\App\VoronoiCellPyImp.cpp">
      <Filter>Python</Filter>
    </ClCompile>
    <ClCompile Include="C:\Users\evanb\FreeCADStuff\FreeCadSource\FreeCadOriginal\FreeCAD\src\Mod\Path\App\VoronoiEdgePyImp.cpp">
      <Filter>Python</Filter>
    </ClCompile>
    <ClCompile Include="C:\Users\evanb\FreeCADStuff\FreeCadSource\FreeCadOriginal\FreeCAD\src\Mod\Path\App\VoronoiVertexPyImp.cpp">
      <Filter>Python</Filter>
    </ClCompile>
    <ClCompile Include="C:\Users\evanb\FreeCADStuff\FreeCadSource\FreeCadBinaries\src\Mod\Path\App\Path_autogen\mocs_compilation_Release.cpp">
      <Filter>Source Files</Filter>
    </ClCompile>
    <ClCompile Include="C:\Users\evanb\FreeCADStuff\FreeCadSource\FreeCadBinaries\src\Mod\Path\App\Path_autogen\mocs_compilation_MinSizeRel.cpp">
      <Filter>Source Files</Filter>
    </ClCompile>
    <ClCompile Include="C:\Users\evanb\FreeCADStuff\FreeCadSource\FreeCadBinaries\src\Mod\Path\App\Path_autogen\mocs_compilation_RelWithDebInfo.cpp">
      <Filter>Source Files</Filter>
    </ClCompile>
  </ItemGroup>
  <ItemGroup>
    <ClInclude Include="C:\Users\evanb\FreeCADStuff\FreeCadSource\FreeCadOriginal\FreeCAD\src\Mod\Path\App\Command.h">
      <Filter>Header Files</Filter>
    </ClInclude>
    <ClInclude Include="C:\Users\evanb\FreeCADStuff\FreeCadSource\FreeCadOriginal\FreeCAD\src\Mod\Path\App\Path.h">
      <Filter>Header Files</Filter>
    </ClInclude>
    <ClInclude Include="C:\Users\evanb\FreeCADStuff\FreeCadSource\FreeCadOriginal\FreeCAD\src\Mod\Path\App\Tool.h">
      <Filter>Header Files</Filter>
    </ClInclude>
    <ClInclude Include="C:\Users\evanb\FreeCADStuff\FreeCadSource\FreeCadOriginal\FreeCAD\src\Mod\Path\App\Tooltable.h">
      <Filter>Header Files</Filter>
    </ClInclude>
    <ClInclude Include="C:\Users\evanb\FreeCADStuff\FreeCadSource\FreeCadOriginal\FreeCAD\src\Mod\Path\App\PropertyPath.h">
      <Filter>Header Files</Filter>
    </ClInclude>
    <ClInclude Include="C:\Users\evanb\FreeCADStuff\FreeCadSource\FreeCadOriginal\FreeCAD\src\Mod\Path\App\FeaturePath.h">
      <Filter>Header Files</Filter>
    </ClInclude>
    <ClInclude Include="C:\Users\evanb\FreeCADStuff\FreeCadSource\FreeCadOriginal\FreeCAD\src\Mod\Path\App\PropertyTool.h">
      <Filter>Header Files</Filter>
    </ClInclude>
    <ClInclude Include="C:\Users\evanb\FreeCADStuff\FreeCadSource\FreeCadOriginal\FreeCAD\src\Mod\Path\App\PropertyTooltable.h">
      <Filter>Header Files</Filter>
    </ClInclude>
    <ClInclude Include="C:\Users\evanb\FreeCADStuff\FreeCadSource\FreeCadOriginal\FreeCAD\src\Mod\Path\App\FeaturePathCompound.h">
      <Filter>Header Files</Filter>
    </ClInclude>
    <ClInclude Include="C:\Users\evanb\FreeCADStuff\FreeCadSource\FreeCadOriginal\FreeCAD\src\Mod\Path\App\FeaturePathShape.h">
      <Filter>Header Files</Filter>
    </ClInclude>
    <ClInclude Include="C:\Users\evanb\FreeCADStuff\FreeCadSource\FreeCadOriginal\FreeCAD\src\Mod\Path\App\Area.h">
      <Filter>Header Files</Filter>
    </ClInclude>
    <ClInclude Include="C:\Users\evanb\FreeCADStuff\FreeCadSource\FreeCadOriginal\FreeCAD\src\Mod\Path\App\AreaParams.h">
      <Filter>Header Files</Filter>
    </ClInclude>
    <ClInclude Include="C:\Users\evanb\FreeCADStuff\FreeCadSource\FreeCadOriginal\FreeCAD\src\Mod\Path\App\ParamsHelper.h">
      <Filter>Header Files</Filter>
    </ClInclude>
    <ClInclude Include="C:\Users\evanb\FreeCADStuff\FreeCadSource\FreeCadOriginal\FreeCAD\src\Mod\Path\App\FeatureArea.h">
      <Filter>Header Files</Filter>
    </ClInclude>
    <ClInclude Include="C:\Users\evanb\FreeCADStuff\FreeCadSource\FreeCadOriginal\FreeCAD\src\Mod\Path\App\PathSegmentWalker.h">
      <Filter>Header Files</Filter>
    </ClInclude>
    <ClInclude Include="C:\Users\evanb\FreeCADStuff\FreeCadSource\FreeCadOriginal\FreeCAD\src\Mod\Path\App\Voronoi.h">
      <Filter>Header Files</Filter>
    </ClInclude>
    <ClInclude Include="C:\Users\evanb\FreeCADStuff\FreeCadSource\FreeCadOriginal\FreeCAD\src\Mod\Path\App\VoronoiCell.h">
      <Filter>Header Files</Filter>
    </ClInclude>
    <ClInclude Include="C:\Users\evanb\FreeCADStuff\FreeCadSource\FreeCadOriginal\FreeCAD\src\Mod\Path\App\VoronoiEdge.h">
      <Filter>Header Files</Filter>
    </ClInclude>
    <ClInclude Include="C:\Users\evanb\FreeCADStuff\FreeCadSource\FreeCadOriginal\FreeCAD\src\Mod\Path\App\VoronoiVertex.h">
      <Filter>Header Files</Filter>
    </ClInclude>
    <ClInclude Include="C:\Users\evanb\FreeCADStuff\FreeCadSource\FreeCadOriginal\FreeCAD\src\Mod\Path\App\PreCompiled.h">
      <Filter>Module</Filter>
    </ClInclude>
  </ItemGroup>
  <ItemGroup>
    <CustomBuild Include="C:\Users\evanb\FreeCADStuff\FreeCadSource\FreeCadOriginal\FreeCAD\src\Mod\Path\App\CommandPy.xml">
      <Filter>Python</Filter>
    </CustomBuild>
    <CustomBuild Include="C:\Users\evanb\FreeCADStuff\FreeCadSource\FreeCadOriginal\FreeCAD\src\Mod\Path\App\PathPy.xml">
      <Filter>Python</Filter>
    </CustomBuild>
    <CustomBuild Include="C:\Users\evanb\FreeCADStuff\FreeCadSource\FreeCadOriginal\FreeCAD\src\Mod\Path\App\ToolPy.xml">
      <Filter>Python</Filter>
    </CustomBuild>
    <CustomBuild Include="C:\Users\evanb\FreeCADStuff\FreeCadSource\FreeCadOriginal\FreeCAD\src\Mod\Path\App\TooltablePy.xml">
      <Filter>Python</Filter>
    </CustomBuild>
    <CustomBuild Include="C:\Users\evanb\FreeCADStuff\FreeCadSource\FreeCadOriginal\FreeCAD\src\Mod\Path\App\FeaturePathCompoundPy.xml">
      <Filter>Python</Filter>
    </CustomBuild>
    <CustomBuild Include="C:\Users\evanb\FreeCADStuff\FreeCadSource\FreeCadOriginal\FreeCAD\src\Mod\Path\App\AreaPy.xml">
      <Filter>Python</Filter>
    </CustomBuild>
    <CustomBuild Include="C:\Users\evanb\FreeCADStuff\FreeCadSource\FreeCadOriginal\FreeCAD\src\Mod\Path\App\FeatureAreaPy.xml">
      <Filter>Python</Filter>
    </CustomBuild>
    <CustomBuild Include="C:\Users\evanb\FreeCADStuff\FreeCadSource\FreeCadOriginal\FreeCAD\src\Mod\Path\App\VoronoiPy.xml">
      <Filter>Python</Filter>
    </CustomBuild>
    <CustomBuild Include="C:\Users\evanb\FreeCADStuff\FreeCadSource\FreeCadOriginal\FreeCAD\src\Mod\Path\App\VoronoiCellPy.xml">
      <Filter>Python</Filter>
    </CustomBuild>
    <CustomBuild Include="C:\Users\evanb\FreeCADStuff\FreeCadSource\FreeCadOriginal\FreeCAD\src\Mod\Path\App\VoronoiEdgePy.xml">
      <Filter>Python</Filter>
    </CustomBuild>
    <CustomBuild Include="C:\Users\evanb\FreeCADStuff\FreeCadSource\FreeCadOriginal\FreeCAD\src\Mod\Path\App\VoronoiVertexPy.xml">
      <Filter>Python</Filter>
    </CustomBuild>
    <CustomBuild Include="C:\Users\evanb\FreeCADStuff\FreeCadSource\FreeCadOriginal\FreeCAD\src\Mod\Path\App\CMakeLists.txt" />
  </ItemGroup>
  <ItemGroup>
    <Filter Include="Header Files">
      <UniqueIdentifier>{A79AE94B-2362-3FBD-9692-5CB9260B38A0}</UniqueIdentifier>
    </Filter>
    <Filter Include="Module">
      <UniqueIdentifier>{3B243185-DCBF-36D0-8572-103D12122E40}</UniqueIdentifier>
    </Filter>
    <Filter Include="Python">
      <UniqueIdentifier>{6581BB3C-2238-3029-8BF9-59FDC8F7C3B0}</UniqueIdentifier>
    </Filter>
    <Filter Include="Source Files">
      <UniqueIdentifier>{CEA0781D-00C5-3B66-A896-4A3F9A247EAF}</UniqueIdentifier>
    </Filter>
  </ItemGroup>
</Project>
